
Microsoft Visual Studio Solution File, Format Version 12.00
# Visual Studio Version 16
VisualStudioVersion = 16.0.30011.22
MinimumVisualStudioVersion = 10.0.40219.1
Project("{9A19103F-16F7-4668-BE54-9A1E7A4F7556}") = "Consumption.Moblie", "Consumption.Moblie\Consumption.Moblie.csproj", "{4A8B22EF-05CA-403D-8031-6AC99DB0A97B}"
EndProject
Project("{FAE04EC0-301F-11D3-BF4B-00C04F79EFBC}") = "Consumption.Moblie.Android", "Consumption.Moblie.Android\Consumption.Moblie.Android.csproj", "{D6BB0CCF-6FCA-4A55-AEC5-1813659A4250}"
EndProject
Project("{FAE04EC0-301F-11D3-BF4B-00C04F79EFBC}") = "Consumption.Moblie.iOS", "Consumption.Moblie.iOS\Consumption.Moblie.iOS.csproj", "{2278957B-D211-4586-98B3-B7E4A979FC49}"
EndProject
Project("{2150E333-8FDC-42A3-9474-1A3956D46DE8}") = "Moblie", "Moblie", "{30E613B6-6A9A-4536-80A0-C1EAC4A86F42}"
EndProject
Project("{2150E333-8FDC-42A3-9474-1A3956D46DE8}") = "DeskTop", "DeskTop", "{36E98852-F558-435D-9B16-8954E37D168A}"
EndProject
Project("{2150E333-8FDC-42A3-9474-1A3956D46DE8}") = "Web", "Web", "{28DD90B9-B5A5-4752-9B77-A7EC97A50FFA}"
EndProject
Project("{2150E333-8FDC-42A3-9474-1A3956D46DE8}") = "Api", "Api", "{A072C028-3591-4ED3-96E4-58FF51D6A25A}"
EndProject
Project("{FAE04EC0-301F-11D3-BF4B-00C04F79EFBC}") = "Consumption.PC", "Consumption.PC\Consumption.PC.csproj", "{A94FECE2-0A82-44EE-8DE3-489DCD492BE3}"
EndProject
Project("{FAE04EC0-301F-11D3-BF4B-00C04F79EFBC}") = "Consumption.Web", "Consumption.Web\Consumption.Web.csproj", "{473B4349-1DB7-4E21-BDC1-8EE073B5BC73}"
EndProject
Project("{FAE04EC0-301F-11D3-BF4B-00C04F79EFBC}") = "Consumption.ViewModel", "Consumption.ViewModel\Consumption.ViewModel.csproj", "{34D2B732-EA19-42CE-9615-11467781C799}"
EndProject
Project("{FAE04EC0-301F-11D3-BF4B-00C04F79EFBC}") = "Consumption.Core", "Consumption.Core\Consumption.Core.csproj", "{63D4C10A-DA54-4095-A124-7DCE9947EB9A}"
EndProject
Global
	GlobalSection(SolutionConfigurationPlatforms) = preSolution
		Ad-Hoc|Any CPU = Ad-Hoc|Any CPU
		Ad-Hoc|iPhone = Ad-Hoc|iPhone
		Ad-Hoc|iPhoneSimulator = Ad-Hoc|iPhoneSimulator
		AppStore|Any CPU = AppStore|Any CPU
		AppStore|iPhone = AppStore|iPhone
		AppStore|iPhoneSimulator = AppStore|iPhoneSimulator
		Debug|Any CPU = Debug|Any CPU
		Debug|iPhone = Debug|iPhone
		Debug|iPhoneSimulator = Debug|iPhoneSimulator
		Release|Any CPU = Release|Any CPU
		Release|iPhone = Release|iPhone
		Release|iPhoneSimulator = Release|iPhoneSimulator
	EndGlobalSection
	GlobalSection(ProjectConfigurationPlatforms) = postSolution
		{4A8B22EF-05CA-403D-8031-6AC99DB0A97B}.Ad-Hoc|Any CPU.ActiveCfg = Debug|Any CPU
		{4A8B22EF-05CA-403D-8031-6AC99DB0A97B}.Ad-Hoc|Any CPU.Build.0 = Debug|Any CPU
		{4A8B22EF-05CA-403D-8031-6AC99DB0A97B}.Ad-Hoc|iPhone.ActiveCfg = Debug|Any CPU
		{4A8B22EF-05CA-403D-8031-6AC99DB0A97B}.Ad-Hoc|iPhone.Build.0 = Debug|Any CPU
		{4A8B22EF-05CA-403D-8031-6AC99DB0A97B}.Ad-Hoc|iPhoneSimulator.ActiveCfg = Debug|Any CPU
		{4A8B22EF-05CA-403D-8031-6AC99DB0A97B}.Ad-Hoc|iPhoneSimulator.Build.0 = Debug|Any CPU
		{4A8B22EF-05CA-403D-8031-6AC99DB0A97B}.AppStore|Any CPU.ActiveCfg = Debug|Any CPU
		{4A8B22EF-05CA-403D-8031-6AC99DB0A97B}.AppStore|Any CPU.Build.0 = Debug|Any CPU
		{4A8B22EF-05CA-403D-8031-6AC99DB0A97B}.AppStore|iPhone.ActiveCfg = Debug|Any CPU
		{4A8B22EF-05CA-403D-8031-6AC99DB0A97B}.AppStore|iPhone.Build.0 = Debug|Any CPU
		{4A8B22EF-05CA-403D-8031-6AC99DB0A97B}.AppStore|iPhoneSimulator.ActiveCfg = Debug|Any CPU
		{4A8B22EF-05CA-403D-8031-6AC99DB0A97B}.AppStore|iPhoneSimulator.Build.0 = Debug|Any CPU
		{4A8B22EF-05CA-403D-8031-6AC99DB0A97B}.Debug|Any CPU.ActiveCfg = Debug|Any CPU
		{4A8B22EF-05CA-403D-8031-6AC99DB0A97B}.Debug|Any CPU.Build.0 = Debug|Any CPU
		{4A8B22EF-05CA-403D-8031-6AC99DB0A97B}.Debug|iPhone.ActiveCfg = Debug|Any CPU
		{4A8B22EF-05CA-403D-8031-6AC99DB0A97B}.Debug|iPhone.Build.0 = Debug|Any CPU
		{4A8B22EF-05CA-403D-8031-6AC99DB0A97B}.Debug|iPhoneSimulator.ActiveCfg = Debug|Any CPU
		{4A8B22EF-05CA-403D-8031-6AC99DB0A97B}.Debug|iPhoneSimulator.Build.0 = Debug|Any CPU
		{4A8B22EF-05CA-403D-8031-6AC99DB0A97B}.Release|Any CPU.ActiveCfg = Release|Any CPU
		{4A8B22EF-05CA-403D-8031-6AC99DB0A97B}.Release|Any CPU.Build.0 = Release|Any CPU
		{4A8B22EF-05CA-403D-8031-6AC99DB0A97B}.Release|iPhone.ActiveCfg = Release|Any CPU
		{4A8B22EF-05CA-403D-8031-6AC99DB0A97B}.Release|iPhone.Build.0 = Release|Any CPU
		{4A8B22EF-05CA-403D-8031-6AC99DB0A97B}.Release|iPhoneSimulator.ActiveCfg = Release|Any CPU
		{4A8B22EF-05CA-403D-8031-6AC99DB0A97B}.Release|iPhoneSimulator.Build.0 = Release|Any CPU
		{D6BB0CCF-6FCA-4A55-AEC5-1813659A4250}.Ad-Hoc|Any CPU.ActiveCfg = Release|Any CPU
		{D6BB0CCF-6FCA-4A55-AEC5-1813659A4250}.Ad-Hoc|Any CPU.Build.0 = Release|Any CPU
		{D6BB0CCF-6FCA-4A55-AEC5-1813659A4250}.Ad-Hoc|Any CPU.Deploy.0 = Release|Any CPU
		{D6BB0CCF-6FCA-4A55-AEC5-1813659A4250}.Ad-Hoc|iPhone.ActiveCfg = Release|Any CPU
		{D6BB0CCF-6FCA-4A55-AEC5-1813659A4250}.Ad-Hoc|iPhone.Build.0 = Release|Any CPU
		{D6BB0CCF-6FCA-4A55-AEC5-1813659A4250}.Ad-Hoc|iPhone.Deploy.0 = Release|Any CPU
		{D6BB0CCF-6FCA-4A55-AEC5-1813659A4250}.Ad-Hoc|iPhoneSimulator.ActiveCfg = Release|Any CPU
		{D6BB0CCF-6FCA-4A55-AEC5-1813659A4250}.Ad-Hoc|iPhoneSimulator.Build.0 = Release|Any CPU
		{D6BB0CCF-6FCA-4A55-AEC5-1813659A4250}.Ad-Hoc|iPhoneSimulator.Deploy.0 = Release|Any CPU
		{D6BB0CCF-6FCA-4A55-AEC5-1813659A4250}.AppStore|Any CPU.ActiveCfg = Release|Any CPU
		{D6BB0CCF-6FCA-4A55-AEC5-1813659A4250}.AppStore|Any CPU.Build.0 = Release|Any CPU
		{D6BB0CCF-6FCA-4A55-AEC5-1813659A4250}.AppStore|Any CPU.Deploy.0 = Release|Any CPU
		{D6BB0CCF-6FCA-4A55-AEC5-1813659A4250}.AppStore|iPhone.ActiveCfg = Release|Any CPU
		{D6BB0CCF-6FCA-4A55-AEC5-1813659A4250}.AppStore|iPhone.Build.0 = Release|Any CPU
		{D6BB0CCF-6FCA-4A55-AEC5-1813659A4250}.AppStore|iPhone.Deploy.0 = Release|Any CPU
		{D6BB0CCF-6FCA-4A55-AEC5-1813659A4250}.AppStore|iPhoneSimulator.ActiveCfg = Release|Any CPU
		{D6BB0CCF-6FCA-4A55-AEC5-1813659A4250}.AppStore|iPhoneSimulator.Build.0 = Release|Any CPU
		{D6BB0CCF-6FCA-4A55-AEC5-1813659A4250}.AppStore|iPhoneSimulator.Deploy.0 = Release|Any CPU
		{D6BB0CCF-6FCA-4A55-AEC5-1813659A4250}.Debug|Any CPU.ActiveCfg = Debug|Any CPU
		{D6BB0CCF-6FCA-4A55-AEC5-1813659A4250}.Debug|Any CPU.Build.0 = Debug|Any CPU
		{D6BB0CCF-6FCA-4A55-AEC5-1813659A4250}.Debug|Any CPU.Deploy.0 = Debug|Any CPU
		{D6BB0CCF-6FCA-4A55-AEC5-1813659A4250}.Debug|iPhone.ActiveCfg = Debug|Any CPU
		{D6BB0CCF-6FCA-4A55-AEC5-1813659A4250}.Debug|iPhone.Build.0 = Debug|Any CPU
		{D6BB0CCF-6FCA-4A55-AEC5-1813659A4250}.Debug|iPhone.Deploy.0 = Debug|Any CPU
		{D6BB0CCF-6FCA-4A55-AEC5-1813659A4250}.Debug|iPhoneSimulator.ActiveCfg = Debug|Any CPU
		{D6BB0CCF-6FCA-4A55-AEC5-1813659A4250}.Debug|iPhoneSimulator.Build.0 = Debug|Any CPU
		{D6BB0CCF-6FCA-4A55-AEC5-1813659A4250}.Debug|iPhoneSimulator.Deploy.0 = Debug|Any CPU
		{D6BB0CCF-6FCA-4A55-AEC5-1813659A4250}.Release|Any CPU.ActiveCfg = Release|Any CPU
		{D6BB0CCF-6FCA-4A55-AEC5-1813659A4250}.Release|Any CPU.Build.0 = Release|Any CPU
		{D6BB0CCF-6FCA-4A55-AEC5-1813659A4250}.Release|Any CPU.Deploy.0 = Release|Any CPU
		{D6BB0CCF-6FCA-4A55-AEC5-1813659A4250}.Release|iPhone.ActiveCfg = Release|Any CPU
		{D6BB0CCF-6FCA-4A55-AEC5-1813659A4250}.Release|iPhone.Build.0 = Release|Any CPU
		{D6BB0CCF-6FCA-4A55-AEC5-1813659A4250}.Release|iPhone.Deploy.0 = Release|Any CPU
		{D6BB0CCF-6FCA-4A55-AEC5-1813659A4250}.Release|iPhoneSimulator.ActiveCfg = Release|Any CPU
		{D6BB0CCF-6FCA-4A55-AEC5-1813659A4250}.Release|iPhoneSimulator.Build.0 = Release|Any CPU
		{D6BB0CCF-6FCA-4A55-AEC5-1813659A4250}.Release|iPhoneSimulator.Deploy.0 = Release|Any CPU
		{2278957B-D211-4586-98B3-B7E4A979FC49}.Ad-Hoc|Any CPU.ActiveCfg = Ad-Hoc|iPhone
		{2278957B-D211-4586-98B3-B7E4A979FC49}.Ad-Hoc|iPhone.ActiveCfg = Ad-Hoc|iPhone
		{2278957B-D211-4586-98B3-B7E4A979FC49}.Ad-Hoc|iPhone.Build.0 = Ad-Hoc|iPhone
		{2278957B-D211-4586-98B3-B7E4A979FC49}.Ad-Hoc|iPhoneSimulator.ActiveCfg = Ad-Hoc|iPhoneSimulator
		{2278957B-D211-4586-98B3-B7E4A979FC49}.Ad-Hoc|iPhoneSimulator.Build.0 = Ad-Hoc|iPhoneSimulator
		{2278957B-D211-4586-98B3-B7E4A979FC49}.AppStore|Any CPU.ActiveCfg = AppStore|iPhone
		{2278957B-D211-4586-98B3-B7E4A979FC49}.AppStore|iPhone.ActiveCfg = AppStore|iPhone
		{2278957B-D211-4586-98B3-B7E4A979FC49}.AppStore|iPhone.Build.0 = AppStore|iPhone
		{2278957B-D211-4586-98B3-B7E4A979FC49}.AppStore|iPhoneSimulator.ActiveCfg = AppStore|iPhoneSimulator
		{2278957B-D211-4586-98B3-B7E4A979FC49}.AppStore|iPhoneSimulator.Build.0 = AppStore|iPhoneSimulator
		{2278957B-D211-4586-98B3-B7E4A979FC49}.Debug|Any CPU.ActiveCfg = Debug|iPhone
		{2278957B-D211-4586-98B3-B7E4A979FC49}.Debug|iPhone.ActiveCfg = Debug|iPhone
		{2278957B-D211-4586-98B3-B7E4A979FC49}.Debug|iPhone.Build.0 = Debug|iPhone
		{2278957B-D211-4586-98B3-B7E4A979FC49}.Debug|iPhoneSimulator.ActiveCfg = Debug|iPhoneSimulator
		{2278957B-D211-4586-98B3-B7E4A979FC49}.Debug|iPhoneSimulator.Build.0 = Debug|iPhoneSimulator
		{2278957B-D211-4586-98B3-B7E4A979FC49}.Release|Any CPU.ActiveCfg = Release|iPhone
		{2278957B-D211-4586-98B3-B7E4A979FC49}.Release|iPhone.ActiveCfg = Release|iPhone
		{2278957B-D211-4586-98B3-B7E4A979FC49}.Release|iPhone.Build.0 = Release|iPhone
		{2278957B-D211-4586-98B3-B7E4A979FC49}.Release|iPhoneSimulator.ActiveCfg = Release|iPhoneSimulator
		{2278957B-D211-4586-98B3-B7E4A979FC49}.Release|iPhoneSimulator.Build.0 = Release|iPhoneSimulator
		{A94FECE2-0A82-44EE-8DE3-489DCD492BE3}.Ad-Hoc|Any CPU.ActiveCfg = Debug|Any CPU
		{A94FECE2-0A82-44EE-8DE3-489DCD492BE3}.Ad-Hoc|Any CPU.Build.0 = Debug|Any CPU
		{A94FECE2-0A82-44EE-8DE3-489DCD492BE3}.Ad-Hoc|iPhone.ActiveCfg = Debug|Any CPU
		{A94FECE2-0A82-44EE-8DE3-489DCD492BE3}.Ad-Hoc|iPhone.Build.0 = Debug|Any CPU
		{A94FECE2-0A82-44EE-8DE3-489DCD492BE3}.Ad-Hoc|iPhoneSimulator.ActiveCfg = Debug|Any CPU
		{A94FECE2-0A82-44EE-8DE3-489DCD492BE3}.Ad-Hoc|iPhoneSimulator.Build.0 = Debug|Any CPU
		{A94FECE2-0A82-44EE-8DE3-489DCD492BE3}.AppStore|Any CPU.ActiveCfg = Debug|Any CPU
		{A94FECE2-0A82-44EE-8DE3-489DCD492BE3}.AppStore|Any CPU.Build.0 = Debug|Any CPU
		{A94FECE2-0A82-44EE-8DE3-489DCD492BE3}.AppStore|iPhone.ActiveCfg = Debug|Any CPU
		{A94FECE2-0A82-44EE-8DE3-489DCD492BE3}.AppStore|iPhone.Build.0 = Debug|Any CPU
		{A94FECE2-0A82-44EE-8DE3-489DCD492BE3}.AppStore|iPhoneSimulator.ActiveCfg = Debug|Any CPU
		{A94FECE2-0A82-44EE-8DE3-489DCD492BE3}.AppStore|iPhoneSimulator.Build.0 = Debug|Any CPU
		{A94FECE2-0A82-44EE-8DE3-489DCD492BE3}.Debug|Any CPU.ActiveCfg = Debug|Any CPU
		{A94FECE2-0A82-44EE-8DE3-489DCD492BE3}.Debug|Any CPU.Build.0 = Debug|Any CPU
		{A94FECE2-0A82-44EE-8DE3-489DCD492BE3}.Debug|iPhone.ActiveCfg = Debug|Any CPU
		{A94FECE2-0A82-44EE-8DE3-489DCD492BE3}.Debug|iPhone.Build.0 = Debug|Any CPU
		{A94FECE2-0A82-44EE-8DE3-489DCD492BE3}.Debug|iPhoneSimulator.ActiveCfg = Debug|Any CPU
		{A94FECE2-0A82-44EE-8DE3-489DCD492BE3}.Debug|iPhoneSimulator.Build.0 = Debug|Any CPU
		{A94FECE2-0A82-44EE-8DE3-489DCD492BE3}.Release|Any CPU.ActiveCfg = Release|Any CPU
		{A94FECE2-0A82-44EE-8DE3-489DCD492BE3}.Release|Any CPU.Build.0 = Release|Any CPU
		{A94FECE2-0A82-44EE-8DE3-489DCD492BE3}.Release|iPhone.ActiveCfg = Release|Any CPU
		{A94FECE2-0A82-44EE-8DE3-489DCD492BE3}.Release|iPhone.Build.0 = Release|Any CPU
		{A94FECE2-0A82-44EE-8DE3-489DCD492BE3}.Release|iPhoneSimulator.ActiveCfg = Release|Any CPU
		{A94FECE2-0A82-44EE-8DE3-489DCD492BE3}.Release|iPhoneSimulator.Build.0 = Release|Any CPU
		{473B4349-1DB7-4E21-BDC1-8EE073B5BC73}.Ad-Hoc|Any CPU.ActiveCfg = Debug|Any CPU
		{473B4349-1DB7-4E21-BDC1-8EE073B5BC73}.Ad-Hoc|Any CPU.Build.0 = Debug|Any CPU
		{473B4349-1DB7-4E21-BDC1-8EE073B5BC73}.Ad-Hoc|iPhone.ActiveCfg = Debug|Any CPU
		{473B4349-1DB7-4E21-BDC1-8EE073B5BC73}.Ad-Hoc|iPhone.Build.0 = Debug|Any CPU
		{473B4349-1DB7-4E21-BDC1-8EE073B5BC73}.Ad-Hoc|iPhoneSimulator.ActiveCfg = Debug|Any CPU
		{473B4349-1DB7-4E21-BDC1-8EE073B5BC73}.Ad-Hoc|iPhoneSimulator.Build.0 = Debug|Any CPU
		{473B4349-1DB7-4E21-BDC1-8EE073B5BC73}.AppStore|Any CPU.ActiveCfg = Debug|Any CPU
		{473B4349-1DB7-4E21-BDC1-8EE073B5BC73}.AppStore|Any CPU.Build.0 = Debug|Any CPU
		{473B4349-1DB7-4E21-BDC1-8EE073B5BC73}.AppStore|iPhone.ActiveCfg = Debug|Any CPU
		{473B4349-1DB7-4E21-BDC1-8EE073B5BC73}.AppStore|iPhone.Build.0 = Debug|Any CPU
		{473B4349-1DB7-4E21-BDC1-8EE073B5BC73}.AppStore|iPhoneSimulator.ActiveCfg = Debug|Any CPU
		{473B4349-1DB7-4E21-BDC1-8EE073B5BC73}.AppStore|iPhoneSimulator.Build.0 = Debug|Any CPU
		{473B4349-1DB7-4E21-BDC1-8EE073B5BC73}.Debug|Any CPU.ActiveCfg = Debug|Any CPU
		{473B4349-1DB7-4E21-BDC1-8EE073B5BC73}.Debug|Any CPU.Build.0 = Debug|Any CPU
		{473B4349-1DB7-4E21-BDC1-8EE073B5BC73}.Debug|iPhone.ActiveCfg = Debug|Any CPU
		{473B4349-1DB7-4E21-BDC1-8EE073B5BC73}.Debug|iPhone.Build.0 = Debug|Any CPU
		{473B4349-1DB7-4E21-BDC1-8EE073B5BC73}.Debug|iPhoneSimulator.ActiveCfg = Debug|Any CPU
		{473B4349-1DB7-4E21-BDC1-8EE073B5BC73}.Debug|iPhoneSimulator.Build.0 = Debug|Any CPU
		{473B4349-1DB7-4E21-BDC1-8EE073B5BC73}.Release|Any CPU.ActiveCfg = Release|Any CPU
		{473B4349-1DB7-4E21-BDC1-8EE073B5BC73}.Release|Any CPU.Build.0 = Release|Any CPU
		{473B4349-1DB7-4E21-BDC1-8EE073B5BC73}.Release|iPhone.ActiveCfg = Release|Any CPU
		{473B4349-1DB7-4E21-BDC1-8EE073B5BC73}.Release|iPhone.Build.0 = Release|Any CPU
		{473B4349-1DB7-4E21-BDC1-8EE073B5BC73}.Release|iPhoneSimulator.ActiveCfg = Release|Any CPU
		{473B4349-1DB7-4E21-BDC1-8EE073B5BC73}.Release|iPhoneSimulator.Build.0 = Release|Any CPU
		{34D2B732-EA19-42CE-9615-11467781C799}.Ad-Hoc|Any CPU.ActiveCfg = Debug|Any CPU
		{34D2B732-EA19-42CE-9615-11467781C799}.Ad-Hoc|Any CPU.Build.0 = Debug|Any CPU
		{34D2B732-EA19-42CE-9615-11467781C799}.Ad-Hoc|iPhone.ActiveCfg = Debug|Any CPU
		{34D2B732-EA19-42CE-9615-11467781C799}.Ad-Hoc|iPhone.Build.0 = Debug|Any CPU
		{34D2B732-EA19-42CE-9615-11467781C799}.Ad-Hoc|iPhoneSimulator.ActiveCfg = Debug|Any CPU
		{34D2B732-EA19-42CE-9615-11467781C799}.Ad-Hoc|iPhoneSimulator.Build.0 = Debug|Any CPU
		{34D2B732-EA19-42CE-9615-11467781C799}.AppStore|Any CPU.ActiveCfg = Debug|Any CPU
		{34D2B732-EA19-42CE-9615-11467781C799}.AppStore|Any CPU.Build.0 = Debug|Any CPU
		{34D2B732-EA19-42CE-9615-11467781C799}.AppStore|iPhone.ActiveCfg = Debug|Any CPU
		{34D2B732-EA19-42CE-9615-11467781C799}.AppStore|iPhone.Build.0 = Debug|Any CPU
		{34D2B732-EA19-42CE-9615-11467781C799}.AppStore|iPhoneSimulator.ActiveCfg = Debug|Any CPU
		{34D2B732-EA19-42CE-9615-11467781C799}.AppStore|iPhoneSimulator.Build.0 = Debug|Any CPU
		{34D2B732-EA19-42CE-9615-11467781C799}.Debug|Any CPU.ActiveCfg = Debug|Any CPU
		{34D2B732-EA19-42CE-9615-11467781C799}.Debug|Any CPU.Build.0 = Debug|Any CPU
		{34D2B732-EA19-42CE-9615-11467781C799}.Debug|iPhone.ActiveCfg = Debug|Any CPU
		{34D2B732-EA19-42CE-9615-11467781C799}.Debug|iPhone.Build.0 = Debug|Any CPU
		{34D2B732-EA19-42CE-9615-11467781C799}.Debug|iPhoneSimulator.ActiveCfg = Debug|Any CPU
		{34D2B732-EA19-42CE-9615-11467781C799}.Debug|iPhoneSimulator.Build.0 = Debug|Any CPU
		{34D2B732-EA19-42CE-9615-11467781C799}.Release|Any CPU.ActiveCfg = Release|Any CPU
		{34D2B732-EA19-42CE-9615-11467781C799}.Release|Any CPU.Build.0 = Release|Any CPU
		{34D2B732-EA19-42CE-9615-11467781C799}.Release|iPhone.ActiveCfg = Release|Any CPU
		{34D2B732-EA19-42CE-9615-11467781C799}.Release|iPhone.Build.0 = Release|Any CPU
		{34D2B732-EA19-42CE-9615-11467781C799}.Release|iPhoneSimulator.ActiveCfg = Release|Any CPU
		{34D2B732-EA19-42CE-9615-11467781C799}.Release|iPhoneSimulator.Build.0 = Release|Any CPU
		{63D4C10A-DA54-4095-A124-7DCE9947EB9A}.Ad-Hoc|Any CPU.ActiveCfg = Debug|Any CPU
		{63D4C10A-DA54-4095-A124-7DCE9947EB9A}.Ad-Hoc|Any CPU.Build.0 = Debug|Any CPU
		{63D4C10A-DA54-4095-A124-7DCE9947EB9A}.Ad-Hoc|iPhone.ActiveCfg = Debug|Any CPU
		{63D4C10A-DA54-4095-A124-7DCE9947EB9A}.Ad-Hoc|iPhone.Build.0 = Debug|Any CPU
		{63D4C10A-DA54-4095-A124-7DCE9947EB9A}.Ad-Hoc|iPhoneSimulator.ActiveCfg = Debug|Any CPU
		{63D4C10A-DA54-4095-A124-7DCE9947EB9A}.Ad-Hoc|iPhoneSimulator.Build.0 = Debug|Any CPU
		{63D4C10A-DA54-4095-A124-7DCE9947EB9A}.AppStore|Any CPU.ActiveCfg = Debug|Any CPU
		{63D4C10A-DA54-4095-A124-7DCE9947EB9A}.AppStore|Any CPU.Build.0 = Debug|Any CPU
		{63D4C10A-DA54-4095-A124-7DCE9947EB9A}.AppStore|iPhone.ActiveCfg = Debug|Any CPU
		{63D4C10A-DA54-4095-A124-7DCE9947EB9A}.AppStore|iPhone.Build.0 = Debug|Any CPU
		{63D4C10A-DA54-4095-A124-7DCE9947EB9A}.AppStore|iPhoneSimulator.ActiveCfg = Debug|Any CPU
		{63D4C10A-DA54-4095-A124-7DCE9947EB9A}.AppStore|iPhoneSimulator.Build.0 = Debug|Any CPU
		{63D4C10A-DA54-4095-A124-7DCE9947EB9A}.Debug|Any CPU.ActiveCfg = Debug|Any CPU
		{63D4C10A-DA54-4095-A124-7DCE9947EB9A}.Debug|Any CPU.Build.0 = Debug|Any CPU
		{63D4C10A-DA54-4095-A124-7DCE9947EB9A}.Debug|iPhone.ActiveCfg = Debug|Any CPU
		{63D4C10A-DA54-4095-A124-7DCE9947EB9A}.Debug|iPhone.Build.0 = Debug|Any CPU
		{63D4C10A-DA54-4095-A124-7DCE9947EB9A}.Debug|iPhoneSimulator.ActiveCfg = Debug|Any CPU
		{63D4C10A-DA54-4095-A124-7DCE9947EB9A}.Debug|iPhoneSimulator.Build.0 = Debug|Any CPU
		{63D4C10A-DA54-4095-A124-7DCE9947EB9A}.Release|Any CPU.ActiveCfg = Release|Any CPU
		{63D4C10A-DA54-4095-A124-7DCE9947EB9A}.Release|Any CPU.Build.0 = Release|Any CPU
		{63D4C10A-DA54-4095-A124-7DCE9947EB9A}.Release|iPhone.ActiveCfg = Release|Any CPU
		{63D4C10A-DA54-4095-A124-7DCE9947EB9A}.Release|iPhone.Build.0 = Release|Any CPU
		{63D4C10A-DA54-4095-A124-7DCE9947EB9A}.Release|iPhoneSimulator.ActiveCfg = Release|Any CPU
		{63D4C10A-DA54-4095-A124-7DCE9947EB9A}.Release|iPhoneSimulator.Build.0 = Release|Any CPU
	EndGlobalSection
	GlobalSection(SolutionProperties) = preSolution
		HideSolutionNode = FALSE
	EndGlobalSection
	GlobalSection(NestedProjects) = preSolution
		{4A8B22EF-05CA-403D-8031-6AC99DB0A97B} = {30E613B6-6A9A-4536-80A0-C1EAC4A86F42}
		{D6BB0CCF-6FCA-4A55-AEC5-1813659A4250} = {30E613B6-6A9A-4536-80A0-C1EAC4A86F42}
		{2278957B-D211-4586-98B3-B7E4A979FC49} = {30E613B6-6A9A-4536-80A0-C1EAC4A86F42}
		{A94FECE2-0A82-44EE-8DE3-489DCD492BE3} = {36E98852-F558-435D-9B16-8954E37D168A}
		{473B4349-1DB7-4E21-BDC1-8EE073B5BC73} = {28DD90B9-B5A5-4752-9B77-A7EC97A50FFA}
	EndGlobalSection
	GlobalSection(ExtensibilityGlobals) = postSolution
		SolutionGuid = {7B1263A6-6658-4242-AA55-2064AD87E9CF}
	EndGlobalSection
EndGlobal
