
Microsoft Visual Studio Solution File, Format Version 12.00
# Visual Studio Version 16
VisualStudioVersion = 16.0.30011.22
MinimumVisualStudioVersion = 10.0.40219.1
Project("{9A19103F-16F7-4668-BE54-9A1E7A4F7556}") = "Consumption.PC", "Consumption.PC\Consumption.PC.csproj", "{A94FECE2-0A82-44EE-8DE3-489DCD492BE3}"
EndProject
Project("{9A19103F-16F7-4668-BE54-9A1E7A4F7556}") = "Consumption.Web", "Consumption.Web\Consumption.Web.csproj", "{473B4349-1DB7-4E21-BDC1-8EE073B5BC73}"
EndProject
Project("{9A19103F-16F7-4668-BE54-9A1E7A4F7556}") = "Consumption.ViewModel", "Consumption.ViewModel\Consumption.ViewModel.csproj", "{34D2B732-EA19-42CE-9615-11467781C799}"
EndProject
Project("{9A19103F-16F7-4668-BE54-9A1E7A4F7556}") = "Consumption.Api", "Consumption.Api\Consumption.Api.csproj", "{16CFC8C9-8CBC-442A-9947-C863E0409243}"
EndProject
Project("{9A19103F-16F7-4668-BE54-9A1E7A4F7556}") = "Consumption.Service", "Consumption.Service\Consumption.Service.csproj", "{1395F23D-FF82-4CFE-A58E-804F189945A9}"
EndProject
Project("{9A19103F-16F7-4668-BE54-9A1E7A4F7556}") = "Consumption.EFCore", "Consumption.EFCore\Consumption.EFCore.csproj", "{7CA63EAB-DA52-4F63-8EF2-E605E9564EE3}"
EndProject
Project("{FAE04EC0-301F-11D3-BF4B-00C04F79EFBC}") = "Consumption.Mobile.Android", "Consumption.Mobile\Consumption.Mobile.Android\Consumption.Mobile.Android.csproj", "{F99C3AB0-087D-4EF0-B9BD-AB27A84F40CE}"
EndProject
Project("{FAE04EC0-301F-11D3-BF4B-00C04F79EFBC}") = "Consumption.Mobile.iOS", "Consumption.Mobile\Consumption.Mobile.iOS\Consumption.Mobile.iOS.csproj", "{3A5721F2-ADF4-4E44-B1BF-9035411368AE}"
EndProject
Project("{9A19103F-16F7-4668-BE54-9A1E7A4F7556}") = "Consumption.Mobile", "Consumption.Mobile\Consumption.Mobile\Consumption.Mobile.csproj", "{D1EBA22C-1124-46C1-8B1D-D16AA84474EC}"
EndProject
Project("{FAE04EC0-301F-11D3-BF4B-00C04F79EFBC}") = "Consumption.Shared", "Consumption.Shared\Consumption.Shared.csproj", "{203CF00E-7F99-468B-B4FD-02F8FBDE78C7}"
EndProject
Global
	GlobalSection(SolutionConfigurationPlatforms) = preSolution
		Ad-Hoc|Any CPU = Ad-Hoc|Any CPU
		Ad-Hoc|iPhone = Ad-Hoc|iPhone
		Ad-Hoc|iPhoneSimulator = Ad-Hoc|iPhoneSimulator
		AppStore|Any CPU = AppStore|Any CPU
		AppStore|iPhone = AppStore|iPhone
		AppStore|iPhoneSimulator = AppStore|iPhoneSimulator
		Debug|Any CPU = Debug|Any CPU
		Debug|iPhone = Debug|iPhone
		Debug|iPhoneSimulator = Debug|iPhoneSimulator
		Release|Any CPU = Release|Any CPU
		Release|iPhone = Release|iPhone
		Release|iPhoneSimulator = Release|iPhoneSimulator
	EndGlobalSection
	GlobalSection(ProjectConfigurationPlatforms) = postSolution
		{A94FECE2-0A82-44EE-8DE3-489DCD492BE3}.Ad-Hoc|Any CPU.ActiveCfg = Debug|Any CPU
		{A94FECE2-0A82-44EE-8DE3-489DCD492BE3}.Ad-Hoc|Any CPU.Build.0 = Debug|Any CPU
		{A94FECE2-0A82-44EE-8DE3-489DCD492BE3}.Ad-Hoc|iPhone.ActiveCfg = Debug|Any CPU
		{A94FECE2-0A82-44EE-8DE3-489DCD492BE3}.Ad-Hoc|iPhone.Build.0 = Debug|Any CPU
		{A94FECE2-0A82-44EE-8DE3-489DCD492BE3}.Ad-Hoc|iPhoneSimulator.ActiveCfg = Debug|Any CPU
		{A94FECE2-0A82-44EE-8DE3-489DCD492BE3}.Ad-Hoc|iPhoneSimulator.Build.0 = Debug|Any CPU
		{A94FECE2-0A82-44EE-8DE3-489DCD492BE3}.AppStore|Any CPU.ActiveCfg = Debug|Any CPU
		{A94FECE2-0A82-44EE-8DE3-489DCD492BE3}.AppStore|Any CPU.Build.0 = Debug|Any CPU
		{A94FECE2-0A82-44EE-8DE3-489DCD492BE3}.AppStore|iPhone.ActiveCfg = Debug|Any CPU
		{A94FECE2-0A82-44EE-8DE3-489DCD492BE3}.AppStore|iPhone.Build.0 = Debug|Any CPU
		{A94FECE2-0A82-44EE-8DE3-489DCD492BE3}.AppStore|iPhoneSimulator.ActiveCfg = Debug|Any CPU
		{A94FECE2-0A82-44EE-8DE3-489DCD492BE3}.AppStore|iPhoneSimulator.Build.0 = Debug|Any CPU
		{A94FECE2-0A82-44EE-8DE3-489DCD492BE3}.Debug|Any CPU.ActiveCfg = Debug|Any CPU
		{A94FECE2-0A82-44EE-8DE3-489DCD492BE3}.Debug|Any CPU.Build.0 = Debug|Any CPU
		{A94FECE2-0A82-44EE-8DE3-489DCD492BE3}.Debug|iPhone.ActiveCfg = Debug|Any CPU
		{A94FECE2-0A82-44EE-8DE3-489DCD492BE3}.Debug|iPhone.Build.0 = Debug|Any CPU
		{A94FECE2-0A82-44EE-8DE3-489DCD492BE3}.Debug|iPhoneSimulator.ActiveCfg = Debug|Any CPU
		{A94FECE2-0A82-44EE-8DE3-489DCD492BE3}.Debug|iPhoneSimulator.Build.0 = Debug|Any CPU
		{A94FECE2-0A82-44EE-8DE3-489DCD492BE3}.Release|Any CPU.ActiveCfg = Release|Any CPU
		{A94FECE2-0A82-44EE-8DE3-489DCD492BE3}.Release|Any CPU.Build.0 = Release|Any CPU
		{A94FECE2-0A82-44EE-8DE3-489DCD492BE3}.Release|iPhone.ActiveCfg = Release|Any CPU
		{A94FECE2-0A82-44EE-8DE3-489DCD492BE3}.Release|iPhone.Build.0 = Release|Any CPU
		{A94FECE2-0A82-44EE-8DE3-489DCD492BE3}.Release|iPhoneSimulator.ActiveCfg = Release|Any CPU
		{A94FECE2-0A82-44EE-8DE3-489DCD492BE3}.Release|iPhoneSimulator.Build.0 = Release|Any CPU
		{473B4349-1DB7-4E21-BDC1-8EE073B5BC73}.Ad-Hoc|Any CPU.ActiveCfg = Debug|Any CPU
		{473B4349-1DB7-4E21-BDC1-8EE073B5BC73}.Ad-Hoc|Any CPU.Build.0 = Debug|Any CPU
		{473B4349-1DB7-4E21-BDC1-8EE073B5BC73}.Ad-Hoc|iPhone.ActiveCfg = Debug|Any CPU
		{473B4349-1DB7-4E21-BDC1-8EE073B5BC73}.Ad-Hoc|iPhone.Build.0 = Debug|Any CPU
		{473B4349-1DB7-4E21-BDC1-8EE073B5BC73}.Ad-Hoc|iPhoneSimulator.ActiveCfg = Debug|Any CPU
		{473B4349-1DB7-4E21-BDC1-8EE073B5BC73}.Ad-Hoc|iPhoneSimulator.Build.0 = Debug|Any CPU
		{473B4349-1DB7-4E21-BDC1-8EE073B5BC73}.AppStore|Any CPU.ActiveCfg = Debug|Any CPU
		{473B4349-1DB7-4E21-BDC1-8EE073B5BC73}.AppStore|Any CPU.Build.0 = Debug|Any CPU
		{473B4349-1DB7-4E21-BDC1-8EE073B5BC73}.AppStore|iPhone.ActiveCfg = Debug|Any CPU
		{473B4349-1DB7-4E21-BDC1-8EE073B5BC73}.AppStore|iPhone.Build.0 = Debug|Any CPU
		{473B4349-1DB7-4E21-BDC1-8EE073B5BC73}.AppStore|iPhoneSimulator.ActiveCfg = Debug|Any CPU
		{473B4349-1DB7-4E21-BDC1-8EE073B5BC73}.AppStore|iPhoneSimulator.Build.0 = Debug|Any CPU
		{473B4349-1DB7-4E21-BDC1-8EE073B5BC73}.Debug|Any CPU.ActiveCfg = Debug|Any CPU
		{473B4349-1DB7-4E21-BDC1-8EE073B5BC73}.Debug|Any CPU.Build.0 = Debug|Any CPU
		{473B4349-1DB7-4E21-BDC1-8EE073B5BC73}.Debug|iPhone.ActiveCfg = Debug|Any CPU
		{473B4349-1DB7-4E21-BDC1-8EE073B5BC73}.Debug|iPhone.Build.0 = Debug|Any CPU
		{473B4349-1DB7-4E21-BDC1-8EE073B5BC73}.Debug|iPhoneSimulator.ActiveCfg = Debug|Any CPU
		{473B4349-1DB7-4E21-BDC1-8EE073B5BC73}.Debug|iPhoneSimulator.Build.0 = Debug|Any CPU
		{473B4349-1DB7-4E21-BDC1-8EE073B5BC73}.Release|Any CPU.ActiveCfg = Release|Any CPU
		{473B4349-1DB7-4E21-BDC1-8EE073B5BC73}.Release|Any CPU.Build.0 = Release|Any CPU
		{473B4349-1DB7-4E21-BDC1-8EE073B5BC73}.Release|iPhone.ActiveCfg = Release|Any CPU
		{473B4349-1DB7-4E21-BDC1-8EE073B5BC73}.Release|iPhone.Build.0 = Release|Any CPU
		{473B4349-1DB7-4E21-BDC1-8EE073B5BC73}.Release|iPhoneSimulator.ActiveCfg = Release|Any CPU
		{473B4349-1DB7-4E21-BDC1-8EE073B5BC73}.Release|iPhoneSimulator.Build.0 = Release|Any CPU
		{34D2B732-EA19-42CE-9615-11467781C799}.Ad-Hoc|Any CPU.ActiveCfg = Debug|Any CPU
		{34D2B732-EA19-42CE-9615-11467781C799}.Ad-Hoc|Any CPU.Build.0 = Debug|Any CPU
		{34D2B732-EA19-42CE-9615-11467781C799}.Ad-Hoc|iPhone.ActiveCfg = Debug|Any CPU
		{34D2B732-EA19-42CE-9615-11467781C799}.Ad-Hoc|iPhone.Build.0 = Debug|Any CPU
		{34D2B732-EA19-42CE-9615-11467781C799}.Ad-Hoc|iPhoneSimulator.ActiveCfg = Debug|Any CPU
		{34D2B732-EA19-42CE-9615-11467781C799}.Ad-Hoc|iPhoneSimulator.Build.0 = Debug|Any CPU
		{34D2B732-EA19-42CE-9615-11467781C799}.AppStore|Any CPU.ActiveCfg = Debug|Any CPU
		{34D2B732-EA19-42CE-9615-11467781C799}.AppStore|Any CPU.Build.0 = Debug|Any CPU
		{34D2B732-EA19-42CE-9615-11467781C799}.AppStore|iPhone.ActiveCfg = Debug|Any CPU
		{34D2B732-EA19-42CE-9615-11467781C799}.AppStore|iPhone.Build.0 = Debug|Any CPU
		{34D2B732-EA19-42CE-9615-11467781C799}.AppStore|iPhoneSimulator.ActiveCfg = Debug|Any CPU
		{34D2B732-EA19-42CE-9615-11467781C799}.AppStore|iPhoneSimulator.Build.0 = Debug|Any CPU
		{34D2B732-EA19-42CE-9615-11467781C799}.Debug|Any CPU.ActiveCfg = Debug|Any CPU
		{34D2B732-EA19-42CE-9615-11467781C799}.Debug|Any CPU.Build.0 = Debug|Any CPU
		{34D2B732-EA19-42CE-9615-11467781C799}.Debug|iPhone.ActiveCfg = Debug|Any CPU
		{34D2B732-EA19-42CE-9615-11467781C799}.Debug|iPhone.Build.0 = Debug|Any CPU
		{34D2B732-EA19-42CE-9615-11467781C799}.Debug|iPhoneSimulator.ActiveCfg = Debug|Any CPU
		{34D2B732-EA19-42CE-9615-11467781C799}.Debug|iPhoneSimulator.Build.0 = Debug|Any CPU
		{34D2B732-EA19-42CE-9615-11467781C799}.Release|Any CPU.ActiveCfg = Release|Any CPU
		{34D2B732-EA19-42CE-9615-11467781C799}.Release|Any CPU.Build.0 = Release|Any CPU
		{34D2B732-EA19-42CE-9615-11467781C799}.Release|iPhone.ActiveCfg = Release|Any CPU
		{34D2B732-EA19-42CE-9615-11467781C799}.Release|iPhone.Build.0 = Release|Any CPU
		{34D2B732-EA19-42CE-9615-11467781C799}.Release|iPhoneSimulator.ActiveCfg = Release|Any CPU
		{34D2B732-EA19-42CE-9615-11467781C799}.Release|iPhoneSimulator.Build.0 = Release|Any CPU
		{16CFC8C9-8CBC-442A-9947-C863E0409243}.Ad-Hoc|Any CPU.ActiveCfg = Debug|Any CPU
		{16CFC8C9-8CBC-442A-9947-C863E0409243}.Ad-Hoc|Any CPU.Build.0 = Debug|Any CPU
		{16CFC8C9-8CBC-442A-9947-C863E0409243}.Ad-Hoc|iPhone.ActiveCfg = Debug|Any CPU
		{16CFC8C9-8CBC-442A-9947-C863E0409243}.Ad-Hoc|iPhone.Build.0 = Debug|Any CPU
		{16CFC8C9-8CBC-442A-9947-C863E0409243}.Ad-Hoc|iPhoneSimulator.ActiveCfg = Debug|Any CPU
		{16CFC8C9-8CBC-442A-9947-C863E0409243}.Ad-Hoc|iPhoneSimulator.Build.0 = Debug|Any CPU
		{16CFC8C9-8CBC-442A-9947-C863E0409243}.AppStore|Any CPU.ActiveCfg = Debug|Any CPU
		{16CFC8C9-8CBC-442A-9947-C863E0409243}.AppStore|Any CPU.Build.0 = Debug|Any CPU
		{16CFC8C9-8CBC-442A-9947-C863E0409243}.AppStore|iPhone.ActiveCfg = Debug|Any CPU
		{16CFC8C9-8CBC-442A-9947-C863E0409243}.AppStore|iPhone.Build.0 = Debug|Any CPU
		{16CFC8C9-8CBC-442A-9947-C863E0409243}.AppStore|iPhoneSimulator.ActiveCfg = Debug|Any CPU
		{16CFC8C9-8CBC-442A-9947-C863E0409243}.AppStore|iPhoneSimulator.Build.0 = Debug|Any CPU
		{16CFC8C9-8CBC-442A-9947-C863E0409243}.Debug|Any CPU.ActiveCfg = Debug|Any CPU
		{16CFC8C9-8CBC-442A-9947-C863E0409243}.Debug|Any CPU.Build.0 = Debug|Any CPU
		{16CFC8C9-8CBC-442A-9947-C863E0409243}.Debug|iPhone.ActiveCfg = Debug|Any CPU
		{16CFC8C9-8CBC-442A-9947-C863E0409243}.Debug|iPhone.Build.0 = Debug|Any CPU
		{16CFC8C9-8CBC-442A-9947-C863E0409243}.Debug|iPhoneSimulator.ActiveCfg = Debug|Any CPU
		{16CFC8C9-8CBC-442A-9947-C863E0409243}.Debug|iPhoneSimulator.Build.0 = Debug|Any CPU
		{16CFC8C9-8CBC-442A-9947-C863E0409243}.Release|Any CPU.ActiveCfg = Release|Any CPU
		{16CFC8C9-8CBC-442A-9947-C863E0409243}.Release|Any CPU.Build.0 = Release|Any CPU
		{16CFC8C9-8CBC-442A-9947-C863E0409243}.Release|iPhone.ActiveCfg = Release|Any CPU
		{16CFC8C9-8CBC-442A-9947-C863E0409243}.Release|iPhone.Build.0 = Release|Any CPU
		{16CFC8C9-8CBC-442A-9947-C863E0409243}.Release|iPhoneSimulator.ActiveCfg = Release|Any CPU
		{16CFC8C9-8CBC-442A-9947-C863E0409243}.Release|iPhoneSimulator.Build.0 = Release|Any CPU
		{1395F23D-FF82-4CFE-A58E-804F189945A9}.Ad-Hoc|Any CPU.ActiveCfg = Debug|Any CPU
		{1395F23D-FF82-4CFE-A58E-804F189945A9}.Ad-Hoc|Any CPU.Build.0 = Debug|Any CPU
		{1395F23D-FF82-4CFE-A58E-804F189945A9}.Ad-Hoc|iPhone.ActiveCfg = Debug|Any CPU
		{1395F23D-FF82-4CFE-A58E-804F189945A9}.Ad-Hoc|iPhone.Build.0 = Debug|Any CPU
		{1395F23D-FF82-4CFE-A58E-804F189945A9}.Ad-Hoc|iPhoneSimulator.ActiveCfg = Debug|Any CPU
		{1395F23D-FF82-4CFE-A58E-804F189945A9}.Ad-Hoc|iPhoneSimulator.Build.0 = Debug|Any CPU
		{1395F23D-FF82-4CFE-A58E-804F189945A9}.AppStore|Any CPU.ActiveCfg = Debug|Any CPU
		{1395F23D-FF82-4CFE-A58E-804F189945A9}.AppStore|Any CPU.Build.0 = Debug|Any CPU
		{1395F23D-FF82-4CFE-A58E-804F189945A9}.AppStore|iPhone.ActiveCfg = Debug|Any CPU
		{1395F23D-FF82-4CFE-A58E-804F189945A9}.AppStore|iPhone.Build.0 = Debug|Any CPU
		{1395F23D-FF82-4CFE-A58E-804F189945A9}.AppStore|iPhoneSimulator.ActiveCfg = Debug|Any CPU
		{1395F23D-FF82-4CFE-A58E-804F189945A9}.AppStore|iPhoneSimulator.Build.0 = Debug|Any CPU
		{1395F23D-FF82-4CFE-A58E-804F189945A9}.Debug|Any CPU.ActiveCfg = Debug|Any CPU
		{1395F23D-FF82-4CFE-A58E-804F189945A9}.Debug|Any CPU.Build.0 = Debug|Any CPU
		{1395F23D-FF82-4CFE-A58E-804F189945A9}.Debug|iPhone.ActiveCfg = Debug|Any CPU
		{1395F23D-FF82-4CFE-A58E-804F189945A9}.Debug|iPhone.Build.0 = Debug|Any CPU
		{1395F23D-FF82-4CFE-A58E-804F189945A9}.Debug|iPhoneSimulator.ActiveCfg = Debug|Any CPU
		{1395F23D-FF82-4CFE-A58E-804F189945A9}.Debug|iPhoneSimulator.Build.0 = Debug|Any CPU
		{1395F23D-FF82-4CFE-A58E-804F189945A9}.Release|Any CPU.ActiveCfg = Release|Any CPU
		{1395F23D-FF82-4CFE-A58E-804F189945A9}.Release|Any CPU.Build.0 = Release|Any CPU
		{1395F23D-FF82-4CFE-A58E-804F189945A9}.Release|iPhone.ActiveCfg = Release|Any CPU
		{1395F23D-FF82-4CFE-A58E-804F189945A9}.Release|iPhone.Build.0 = Release|Any CPU
		{1395F23D-FF82-4CFE-A58E-804F189945A9}.Release|iPhoneSimulator.ActiveCfg = Release|Any CPU
		{1395F23D-FF82-4CFE-A58E-804F189945A9}.Release|iPhoneSimulator.Build.0 = Release|Any CPU
		{7CA63EAB-DA52-4F63-8EF2-E605E9564EE3}.Ad-Hoc|Any CPU.ActiveCfg = Debug|Any CPU
		{7CA63EAB-DA52-4F63-8EF2-E605E9564EE3}.Ad-Hoc|Any CPU.Build.0 = Debug|Any CPU
		{7CA63EAB-DA52-4F63-8EF2-E605E9564EE3}.Ad-Hoc|iPhone.ActiveCfg = Debug|Any CPU
		{7CA63EAB-DA52-4F63-8EF2-E605E9564EE3}.Ad-Hoc|iPhone.Build.0 = Debug|Any CPU
		{7CA63EAB-DA52-4F63-8EF2-E605E9564EE3}.Ad-Hoc|iPhoneSimulator.ActiveCfg = Debug|Any CPU
		{7CA63EAB-DA52-4F63-8EF2-E605E9564EE3}.Ad-Hoc|iPhoneSimulator.Build.0 = Debug|Any CPU
		{7CA63EAB-DA52-4F63-8EF2-E605E9564EE3}.AppStore|Any CPU.ActiveCfg = Debug|Any CPU
		{7CA63EAB-DA52-4F63-8EF2-E605E9564EE3}.AppStore|Any CPU.Build.0 = Debug|Any CPU
		{7CA63EAB-DA52-4F63-8EF2-E605E9564EE3}.AppStore|iPhone.ActiveCfg = Debug|Any CPU
		{7CA63EAB-DA52-4F63-8EF2-E605E9564EE3}.AppStore|iPhone.Build.0 = Debug|Any CPU
		{7CA63EAB-DA52-4F63-8EF2-E605E9564EE3}.AppStore|iPhoneSimulator.ActiveCfg = Debug|Any CPU
		{7CA63EAB-DA52-4F63-8EF2-E605E9564EE3}.AppStore|iPhoneSimulator.Build.0 = Debug|Any CPU
		{7CA63EAB-DA52-4F63-8EF2-E605E9564EE3}.Debug|Any CPU.ActiveCfg = Debug|Any CPU
		{7CA63EAB-DA52-4F63-8EF2-E605E9564EE3}.Debug|Any CPU.Build.0 = Debug|Any CPU
		{7CA63EAB-DA52-4F63-8EF2-E605E9564EE3}.Debug|iPhone.ActiveCfg = Debug|Any CPU
		{7CA63EAB-DA52-4F63-8EF2-E605E9564EE3}.Debug|iPhone.Build.0 = Debug|Any CPU
		{7CA63EAB-DA52-4F63-8EF2-E605E9564EE3}.Debug|iPhoneSimulator.ActiveCfg = Debug|Any CPU
		{7CA63EAB-DA52-4F63-8EF2-E605E9564EE3}.Debug|iPhoneSimulator.Build.0 = Debug|Any CPU
		{7CA63EAB-DA52-4F63-8EF2-E605E9564EE3}.Release|Any CPU.ActiveCfg = Release|Any CPU
		{7CA63EAB-DA52-4F63-8EF2-E605E9564EE3}.Release|Any CPU.Build.0 = Release|Any CPU
		{7CA63EAB-DA52-4F63-8EF2-E605E9564EE3}.Release|iPhone.ActiveCfg = Release|Any CPU
		{7CA63EAB-DA52-4F63-8EF2-E605E9564EE3}.Release|iPhone.Build.0 = Release|Any CPU
		{7CA63EAB-DA52-4F63-8EF2-E605E9564EE3}.Release|iPhoneSimulator.ActiveCfg = Release|Any CPU
		{7CA63EAB-DA52-4F63-8EF2-E605E9564EE3}.Release|iPhoneSimulator.Build.0 = Release|Any CPU
		{F99C3AB0-087D-4EF0-B9BD-AB27A84F40CE}.Ad-Hoc|Any CPU.ActiveCfg = Release|Any CPU
		{F99C3AB0-087D-4EF0-B9BD-AB27A84F40CE}.Ad-Hoc|Any CPU.Build.0 = Release|Any CPU
		{F99C3AB0-087D-4EF0-B9BD-AB27A84F40CE}.Ad-Hoc|Any CPU.Deploy.0 = Release|Any CPU
		{F99C3AB0-087D-4EF0-B9BD-AB27A84F40CE}.Ad-Hoc|iPhone.ActiveCfg = Release|Any CPU
		{F99C3AB0-087D-4EF0-B9BD-AB27A84F40CE}.Ad-Hoc|iPhone.Build.0 = Release|Any CPU
		{F99C3AB0-087D-4EF0-B9BD-AB27A84F40CE}.Ad-Hoc|iPhone.Deploy.0 = Release|Any CPU
		{F99C3AB0-087D-4EF0-B9BD-AB27A84F40CE}.Ad-Hoc|iPhoneSimulator.ActiveCfg = Release|Any CPU
		{F99C3AB0-087D-4EF0-B9BD-AB27A84F40CE}.Ad-Hoc|iPhoneSimulator.Build.0 = Release|Any CPU
		{F99C3AB0-087D-4EF0-B9BD-AB27A84F40CE}.Ad-Hoc|iPhoneSimulator.Deploy.0 = Release|Any CPU
		{F99C3AB0-087D-4EF0-B9BD-AB27A84F40CE}.AppStore|Any CPU.ActiveCfg = Release|Any CPU
		{F99C3AB0-087D-4EF0-B9BD-AB27A84F40CE}.AppStore|Any CPU.Build.0 = Release|Any CPU
		{F99C3AB0-087D-4EF0-B9BD-AB27A84F40CE}.AppStore|Any CPU.Deploy.0 = Release|Any CPU
		{F99C3AB0-087D-4EF0-B9BD-AB27A84F40CE}.AppStore|iPhone.ActiveCfg = Release|Any CPU
		{F99C3AB0-087D-4EF0-B9BD-AB27A84F40CE}.AppStore|iPhone.Build.0 = Release|Any CPU
		{F99C3AB0-087D-4EF0-B9BD-AB27A84F40CE}.AppStore|iPhone.Deploy.0 = Release|Any CPU
		{F99C3AB0-087D-4EF0-B9BD-AB27A84F40CE}.AppStore|iPhoneSimulator.ActiveCfg = Release|Any CPU
		{F99C3AB0-087D-4EF0-B9BD-AB27A84F40CE}.AppStore|iPhoneSimulator.Build.0 = Release|Any CPU
		{F99C3AB0-087D-4EF0-B9BD-AB27A84F40CE}.AppStore|iPhoneSimulator.Deploy.0 = Release|Any CPU
		{F99C3AB0-087D-4EF0-B9BD-AB27A84F40CE}.Debug|Any CPU.ActiveCfg = Debug|Any CPU
		{F99C3AB0-087D-4EF0-B9BD-AB27A84F40CE}.Debug|Any CPU.Build.0 = Debug|Any CPU
		{F99C3AB0-087D-4EF0-B9BD-AB27A84F40CE}.Debug|Any CPU.Deploy.0 = Debug|Any CPU
		{F99C3AB0-087D-4EF0-B9BD-AB27A84F40CE}.Debug|iPhone.ActiveCfg = Debug|Any CPU
		{F99C3AB0-087D-4EF0-B9BD-AB27A84F40CE}.Debug|iPhone.Build.0 = Debug|Any CPU
		{F99C3AB0-087D-4EF0-B9BD-AB27A84F40CE}.Debug|iPhone.Deploy.0 = Debug|Any CPU
		{F99C3AB0-087D-4EF0-B9BD-AB27A84F40CE}.Debug|iPhoneSimulator.ActiveCfg = Debug|Any CPU
		{F99C3AB0-087D-4EF0-B9BD-AB27A84F40CE}.Debug|iPhoneSimulator.Build.0 = Debug|Any CPU
		{F99C3AB0-087D-4EF0-B9BD-AB27A84F40CE}.Debug|iPhoneSimulator.Deploy.0 = Debug|Any CPU
		{F99C3AB0-087D-4EF0-B9BD-AB27A84F40CE}.Release|Any CPU.ActiveCfg = Release|Any CPU
		{F99C3AB0-087D-4EF0-B9BD-AB27A84F40CE}.Release|Any CPU.Build.0 = Release|Any CPU
		{F99C3AB0-087D-4EF0-B9BD-AB27A84F40CE}.Release|Any CPU.Deploy.0 = Release|Any CPU
		{F99C3AB0-087D-4EF0-B9BD-AB27A84F40CE}.Release|iPhone.ActiveCfg = Release|Any CPU
		{F99C3AB0-087D-4EF0-B9BD-AB27A84F40CE}.Release|iPhone.Build.0 = Release|Any CPU
		{F99C3AB0-087D-4EF0-B9BD-AB27A84F40CE}.Release|iPhone.Deploy.0 = Release|Any CPU
		{F99C3AB0-087D-4EF0-B9BD-AB27A84F40CE}.Release|iPhoneSimulator.ActiveCfg = Release|Any CPU
		{F99C3AB0-087D-4EF0-B9BD-AB27A84F40CE}.Release|iPhoneSimulator.Build.0 = Release|Any CPU
		{F99C3AB0-087D-4EF0-B9BD-AB27A84F40CE}.Release|iPhoneSimulator.Deploy.0 = Release|Any CPU
		{3A5721F2-ADF4-4E44-B1BF-9035411368AE}.Ad-Hoc|Any CPU.ActiveCfg = Release|iPhone
		{3A5721F2-ADF4-4E44-B1BF-9035411368AE}.Ad-Hoc|Any CPU.Build.0 = Release|iPhone
		{3A5721F2-ADF4-4E44-B1BF-9035411368AE}.Ad-Hoc|iPhone.ActiveCfg = Release|iPhone
		{3A5721F2-ADF4-4E44-B1BF-9035411368AE}.Ad-Hoc|iPhone.Build.0 = Release|iPhone
		{3A5721F2-ADF4-4E44-B1BF-9035411368AE}.Ad-Hoc|iPhoneSimulator.ActiveCfg = Release|iPhoneSimulator
		{3A5721F2-ADF4-4E44-B1BF-9035411368AE}.Ad-Hoc|iPhoneSimulator.Build.0 = Release|iPhoneSimulator
		{3A5721F2-ADF4-4E44-B1BF-9035411368AE}.AppStore|Any CPU.ActiveCfg = Release|iPhone
		{3A5721F2-ADF4-4E44-B1BF-9035411368AE}.AppStore|Any CPU.Build.0 = Release|iPhone
		{3A5721F2-ADF4-4E44-B1BF-9035411368AE}.AppStore|iPhone.ActiveCfg = Release|iPhone
		{3A5721F2-ADF4-4E44-B1BF-9035411368AE}.AppStore|iPhone.Build.0 = Release|iPhone
		{3A5721F2-ADF4-4E44-B1BF-9035411368AE}.AppStore|iPhoneSimulator.ActiveCfg = Release|iPhoneSimulator
		{3A5721F2-ADF4-4E44-B1BF-9035411368AE}.AppStore|iPhoneSimulator.Build.0 = Release|iPhoneSimulator
		{3A5721F2-ADF4-4E44-B1BF-9035411368AE}.Debug|Any CPU.ActiveCfg = Debug|iPhone
		{3A5721F2-ADF4-4E44-B1BF-9035411368AE}.Debug|iPhone.ActiveCfg = Debug|iPhone
		{3A5721F2-ADF4-4E44-B1BF-9035411368AE}.Debug|iPhone.Build.0 = Debug|iPhone
		{3A5721F2-ADF4-4E44-B1BF-9035411368AE}.Debug|iPhoneSimulator.ActiveCfg = Debug|iPhoneSimulator
		{3A5721F2-ADF4-4E44-B1BF-9035411368AE}.Debug|iPhoneSimulator.Build.0 = Debug|iPhoneSimulator
		{3A5721F2-ADF4-4E44-B1BF-9035411368AE}.Release|Any CPU.ActiveCfg = Release|iPhone
		{3A5721F2-ADF4-4E44-B1BF-9035411368AE}.Release|iPhone.ActiveCfg = Release|iPhone
		{3A5721F2-ADF4-4E44-B1BF-9035411368AE}.Release|iPhone.Build.0 = Release|iPhone
		{3A5721F2-ADF4-4E44-B1BF-9035411368AE}.Release|iPhoneSimulator.ActiveCfg = Release|iPhoneSimulator
		{3A5721F2-ADF4-4E44-B1BF-9035411368AE}.Release|iPhoneSimulator.Build.0 = Release|iPhoneSimulator
		{D1EBA22C-1124-46C1-8B1D-D16AA84474EC}.Ad-Hoc|Any CPU.ActiveCfg = Debug|Any CPU
		{D1EBA22C-1124-46C1-8B1D-D16AA84474EC}.Ad-Hoc|Any CPU.Build.0 = Debug|Any CPU
		{D1EBA22C-1124-46C1-8B1D-D16AA84474EC}.Ad-Hoc|iPhone.ActiveCfg = Debug|Any CPU
		{D1EBA22C-1124-46C1-8B1D-D16AA84474EC}.Ad-Hoc|iPhone.Build.0 = Debug|Any CPU
		{D1EBA22C-1124-46C1-8B1D-D16AA84474EC}.Ad-Hoc|iPhoneSimulator.ActiveCfg = Debug|Any CPU
		{D1EBA22C-1124-46C1-8B1D-D16AA84474EC}.Ad-Hoc|iPhoneSimulator.Build.0 = Debug|Any CPU
		{D1EBA22C-1124-46C1-8B1D-D16AA84474EC}.AppStore|Any CPU.ActiveCfg = Debug|Any CPU
		{D1EBA22C-1124-46C1-8B1D-D16AA84474EC}.AppStore|Any CPU.Build.0 = Debug|Any CPU
		{D1EBA22C-1124-46C1-8B1D-D16AA84474EC}.AppStore|iPhone.ActiveCfg = Debug|Any CPU
		{D1EBA22C-1124-46C1-8B1D-D16AA84474EC}.AppStore|iPhone.Build.0 = Debug|Any CPU
		{D1EBA22C-1124-46C1-8B1D-D16AA84474EC}.AppStore|iPhoneSimulator.ActiveCfg = Debug|Any CPU
		{D1EBA22C-1124-46C1-8B1D-D16AA84474EC}.AppStore|iPhoneSimulator.Build.0 = Debug|Any CPU
		{D1EBA22C-1124-46C1-8B1D-D16AA84474EC}.Debug|Any CPU.ActiveCfg = Debug|Any CPU
		{D1EBA22C-1124-46C1-8B1D-D16AA84474EC}.Debug|Any CPU.Build.0 = Debug|Any CPU
		{D1EBA22C-1124-46C1-8B1D-D16AA84474EC}.Debug|iPhone.ActiveCfg = Debug|Any CPU
		{D1EBA22C-1124-46C1-8B1D-D16AA84474EC}.Debug|iPhone.Build.0 = Debug|Any CPU
		{D1EBA22C-1124-46C1-8B1D-D16AA84474EC}.Debug|iPhoneSimulator.ActiveCfg = Debug|Any CPU
		{D1EBA22C-1124-46C1-8B1D-D16AA84474EC}.Debug|iPhoneSimulator.Build.0 = Debug|Any CPU
		{D1EBA22C-1124-46C1-8B1D-D16AA84474EC}.Release|Any CPU.ActiveCfg = Release|Any CPU
		{D1EBA22C-1124-46C1-8B1D-D16AA84474EC}.Release|Any CPU.Build.0 = Release|Any CPU
		{D1EBA22C-1124-46C1-8B1D-D16AA84474EC}.Release|iPhone.ActiveCfg = Release|Any CPU
		{D1EBA22C-1124-46C1-8B1D-D16AA84474EC}.Release|iPhone.Build.0 = Release|Any CPU
		{D1EBA22C-1124-46C1-8B1D-D16AA84474EC}.Release|iPhoneSimulator.ActiveCfg = Release|Any CPU
		{D1EBA22C-1124-46C1-8B1D-D16AA84474EC}.Release|iPhoneSimulator.Build.0 = Release|Any CPU
		{203CF00E-7F99-468B-B4FD-02F8FBDE78C7}.Ad-Hoc|Any CPU.ActiveCfg = Release|Any CPU
		{203CF00E-7F99-468B-B4FD-02F8FBDE78C7}.Ad-Hoc|Any CPU.Build.0 = Release|Any CPU
		{203CF00E-7F99-468B-B4FD-02F8FBDE78C7}.Ad-Hoc|iPhone.ActiveCfg = Release|Any CPU
		{203CF00E-7F99-468B-B4FD-02F8FBDE78C7}.Ad-Hoc|iPhone.Build.0 = Release|Any CPU
		{203CF00E-7F99-468B-B4FD-02F8FBDE78C7}.Ad-Hoc|iPhoneSimulator.ActiveCfg = Release|Any CPU
		{203CF00E-7F99-468B-B4FD-02F8FBDE78C7}.Ad-Hoc|iPhoneSimulator.Build.0 = Release|Any CPU
		{203CF00E-7F99-468B-B4FD-02F8FBDE78C7}.AppStore|Any CPU.ActiveCfg = Release|Any CPU
		{203CF00E-7F99-468B-B4FD-02F8FBDE78C7}.AppStore|Any CPU.Build.0 = Release|Any CPU
		{203CF00E-7F99-468B-B4FD-02F8FBDE78C7}.AppStore|iPhone.ActiveCfg = Release|Any CPU
		{203CF00E-7F99-468B-B4FD-02F8FBDE78C7}.AppStore|iPhone.Build.0 = Release|Any CPU
		{203CF00E-7F99-468B-B4FD-02F8FBDE78C7}.AppStore|iPhoneSimulator.ActiveCfg = Release|Any CPU
		{203CF00E-7F99-468B-B4FD-02F8FBDE78C7}.AppStore|iPhoneSimulator.Build.0 = Release|Any CPU
		{203CF00E-7F99-468B-B4FD-02F8FBDE78C7}.Debug|Any CPU.ActiveCfg = Debug|Any CPU
		{203CF00E-7F99-468B-B4FD-02F8FBDE78C7}.Debug|Any CPU.Build.0 = Debug|Any CPU
		{203CF00E-7F99-468B-B4FD-02F8FBDE78C7}.Debug|iPhone.ActiveCfg = Debug|Any CPU
		{203CF00E-7F99-468B-B4FD-02F8FBDE78C7}.Debug|iPhone.Build.0 = Debug|Any CPU
		{203CF00E-7F99-468B-B4FD-02F8FBDE78C7}.Debug|iPhoneSimulator.ActiveCfg = Debug|Any CPU
		{203CF00E-7F99-468B-B4FD-02F8FBDE78C7}.Debug|iPhoneSimulator.Build.0 = Debug|Any CPU
		{203CF00E-7F99-468B-B4FD-02F8FBDE78C7}.Release|Any CPU.ActiveCfg = Release|Any CPU
		{203CF00E-7F99-468B-B4FD-02F8FBDE78C7}.Release|Any CPU.Build.0 = Release|Any CPU
		{203CF00E-7F99-468B-B4FD-02F8FBDE78C7}.Release|iPhone.ActiveCfg = Release|Any CPU
		{203CF00E-7F99-468B-B4FD-02F8FBDE78C7}.Release|iPhone.Build.0 = Release|Any CPU
		{203CF00E-7F99-468B-B4FD-02F8FBDE78C7}.Release|iPhoneSimulator.ActiveCfg = Release|Any CPU
		{203CF00E-7F99-468B-B4FD-02F8FBDE78C7}.Release|iPhoneSimulator.Build.0 = Release|Any CPU
	EndGlobalSection
	GlobalSection(SolutionProperties) = preSolution
		HideSolutionNode = FALSE
	EndGlobalSection
	GlobalSection(ExtensibilityGlobals) = postSolution
		SolutionGuid = {7B1263A6-6658-4242-AA55-2064AD87E9CF}
	EndGlobalSection
EndGlobal
