
Microsoft Visual Studio Solution File, Format Version 12.00
# Visual Studio Version 17
VisualStudioVersion = 17.2.32210.308
MinimumVisualStudioVersion = 10.0.40219.1
Project("{2150E333-8FDC-42A3-9474-1A3956D46DE8}") = "src", "src", "{AFAA0841-BD93-466F-B8F4-FB4EEC86F1FC}"
EndProject
Project("{2150E333-8FDC-42A3-9474-1A3956D46DE8}") = "Solution Items", "Solution Items", "{D04D9608-9CEB-4E0A-B548-410F7475E9F1}"
	ProjectSection(SolutionItems) = preProject
		common.props = common.props
	EndProjectSection
EndProject
Project("{9A19103F-16F7-4668-BE54-9A1E7A4F7556}") = "AppFramework.Application.Shared", "src\AppFramework.Application.Shared\AppFramework.Application.Shared.csproj", "{6143A90B-6C2A-4683-8A3A-4D48702770EA}"
EndProject
Project("{9A19103F-16F7-4668-BE54-9A1E7A4F7556}") = "AppFramework.Core.Shared", "src\AppFramework.Core.Shared\AppFramework.Core.Shared.csproj", "{4D6603C1-F7D6-4681-97F8-69B4BBBC0536}"
EndProject
Project("{FAE04EC0-301F-11D3-BF4B-00C04F79EFBC}") = "AppFramework.Android", "src\AppFramework.Android\AppFramework.Android.csproj", "{4F068C06-E551-4DD7-BFE6-00028846F2D0}"
EndProject
Project("{FAE04EC0-301F-11D3-BF4B-00C04F79EFBC}") = "AppFramework.iOS", "src\AppFramework.iOS\AppFramework.iOS.csproj", "{AC99E6A5-A7AD-46D6-A75F-9B25D5272DBC}"
EndProject
Project("{9A19103F-16F7-4668-BE54-9A1E7A4F7556}") = "AppFramework.Application.Client", "src\AppFramework.Application.Client\AppFramework.Application.Client.csproj", "{572932C8-FC7F-472C-B466-0CC07F29FE7A}"
EndProject
Project("{9A19103F-16F7-4668-BE54-9A1E7A4F7556}") = "AppFramework.Shared", "src\AppFramework.Mobile\AppFramework.Shared.csproj", "{CE474F44-B837-46A1-9154-0483D417D0F4}"
EndProject
Global
	GlobalSection(SolutionConfigurationPlatforms) = preSolution
		Ad-Hoc|Any CPU = Ad-Hoc|Any CPU
		Ad-Hoc|iPhone = Ad-Hoc|iPhone
		Ad-Hoc|iPhoneSimulator = Ad-Hoc|iPhoneSimulator
		AppStore|Any CPU = AppStore|Any CPU
		AppStore|iPhone = AppStore|iPhone
		AppStore|iPhoneSimulator = AppStore|iPhoneSimulator
		Debug|Any CPU = Debug|Any CPU
		Debug|iPhone = Debug|iPhone
		Debug|iPhoneSimulator = Debug|iPhoneSimulator
		Release|Any CPU = Release|Any CPU
		Release|iPhone = Release|iPhone
		Release|iPhoneSimulator = Release|iPhoneSimulator
	EndGlobalSection
	GlobalSection(ProjectConfigurationPlatforms) = postSolution
		{6143A90B-6C2A-4683-8A3A-4D48702770EA}.Ad-Hoc|Any CPU.ActiveCfg = Release|Any CPU
		{6143A90B-6C2A-4683-8A3A-4D48702770EA}.Ad-Hoc|Any CPU.Build.0 = Release|Any CPU
		{6143A90B-6C2A-4683-8A3A-4D48702770EA}.Ad-Hoc|iPhone.ActiveCfg = Release|Any CPU
		{6143A90B-6C2A-4683-8A3A-4D48702770EA}.Ad-Hoc|iPhone.Build.0 = Release|Any CPU
		{6143A90B-6C2A-4683-8A3A-4D48702770EA}.Ad-Hoc|iPhoneSimulator.ActiveCfg = Release|Any CPU
		{6143A90B-6C2A-4683-8A3A-4D48702770EA}.Ad-Hoc|iPhoneSimulator.Build.0 = Release|Any CPU
		{6143A90B-6C2A-4683-8A3A-4D48702770EA}.AppStore|Any CPU.ActiveCfg = Release|Any CPU
		{6143A90B-6C2A-4683-8A3A-4D48702770EA}.AppStore|Any CPU.Build.0 = Release|Any CPU
		{6143A90B-6C2A-4683-8A3A-4D48702770EA}.AppStore|iPhone.ActiveCfg = Release|Any CPU
		{6143A90B-6C2A-4683-8A3A-4D48702770EA}.AppStore|iPhone.Build.0 = Release|Any CPU
		{6143A90B-6C2A-4683-8A3A-4D48702770EA}.AppStore|iPhoneSimulator.ActiveCfg = Release|Any CPU
		{6143A90B-6C2A-4683-8A3A-4D48702770EA}.AppStore|iPhoneSimulator.Build.0 = Release|Any CPU
		{6143A90B-6C2A-4683-8A3A-4D48702770EA}.Debug|Any CPU.ActiveCfg = Debug|Any CPU
		{6143A90B-6C2A-4683-8A3A-4D48702770EA}.Debug|Any CPU.Build.0 = Debug|Any CPU
		{6143A90B-6C2A-4683-8A3A-4D48702770EA}.Debug|iPhone.ActiveCfg = Debug|Any CPU
		{6143A90B-6C2A-4683-8A3A-4D48702770EA}.Debug|iPhone.Build.0 = Debug|Any CPU
		{6143A90B-6C2A-4683-8A3A-4D48702770EA}.Debug|iPhoneSimulator.ActiveCfg = Debug|Any CPU
		{6143A90B-6C2A-4683-8A3A-4D48702770EA}.Debug|iPhoneSimulator.Build.0 = Debug|Any CPU
		{6143A90B-6C2A-4683-8A3A-4D48702770EA}.Release|Any CPU.ActiveCfg = Release|Any CPU
		{6143A90B-6C2A-4683-8A3A-4D48702770EA}.Release|Any CPU.Build.0 = Release|Any CPU
		{6143A90B-6C2A-4683-8A3A-4D48702770EA}.Release|iPhone.ActiveCfg = Release|Any CPU
		{6143A90B-6C2A-4683-8A3A-4D48702770EA}.Release|iPhone.Build.0 = Release|Any CPU
		{6143A90B-6C2A-4683-8A3A-4D48702770EA}.Release|iPhoneSimulator.ActiveCfg = Release|Any CPU
		{6143A90B-6C2A-4683-8A3A-4D48702770EA}.Release|iPhoneSimulator.Build.0 = Release|Any CPU
		{4D6603C1-F7D6-4681-97F8-69B4BBBC0536}.Ad-Hoc|Any CPU.ActiveCfg = Release|Any CPU
		{4D6603C1-F7D6-4681-97F8-69B4BBBC0536}.Ad-Hoc|Any CPU.Build.0 = Release|Any CPU
		{4D6603C1-F7D6-4681-97F8-69B4BBBC0536}.Ad-Hoc|iPhone.ActiveCfg = Release|Any CPU
		{4D6603C1-F7D6-4681-97F8-69B4BBBC0536}.Ad-Hoc|iPhone.Build.0 = Release|Any CPU
		{4D6603C1-F7D6-4681-97F8-69B4BBBC0536}.Ad-Hoc|iPhoneSimulator.ActiveCfg = Release|Any CPU
		{4D6603C1-F7D6-4681-97F8-69B4BBBC0536}.Ad-Hoc|iPhoneSimulator.Build.0 = Release|Any CPU
		{4D6603C1-F7D6-4681-97F8-69B4BBBC0536}.AppStore|Any CPU.ActiveCfg = Release|Any CPU
		{4D6603C1-F7D6-4681-97F8-69B4BBBC0536}.AppStore|Any CPU.Build.0 = Release|Any CPU
		{4D6603C1-F7D6-4681-97F8-69B4BBBC0536}.AppStore|iPhone.ActiveCfg = Release|Any CPU
		{4D6603C1-F7D6-4681-97F8-69B4BBBC0536}.AppStore|iPhone.Build.0 = Release|Any CPU
		{4D6603C1-F7D6-4681-97F8-69B4BBBC0536}.AppStore|iPhoneSimulator.ActiveCfg = Release|Any CPU
		{4D6603C1-F7D6-4681-97F8-69B4BBBC0536}.AppStore|iPhoneSimulator.Build.0 = Release|Any CPU
		{4D6603C1-F7D6-4681-97F8-69B4BBBC0536}.Debug|Any CPU.ActiveCfg = Debug|Any CPU
		{4D6603C1-F7D6-4681-97F8-69B4BBBC0536}.Debug|Any CPU.Build.0 = Debug|Any CPU
		{4D6603C1-F7D6-4681-97F8-69B4BBBC0536}.Debug|iPhone.ActiveCfg = Debug|Any CPU
		{4D6603C1-F7D6-4681-97F8-69B4BBBC0536}.Debug|iPhone.Build.0 = Debug|Any CPU
		{4D6603C1-F7D6-4681-97F8-69B4BBBC0536}.Debug|iPhoneSimulator.ActiveCfg = Debug|Any CPU
		{4D6603C1-F7D6-4681-97F8-69B4BBBC0536}.Debug|iPhoneSimulator.Build.0 = Debug|Any CPU
		{4D6603C1-F7D6-4681-97F8-69B4BBBC0536}.Release|Any CPU.ActiveCfg = Release|Any CPU
		{4D6603C1-F7D6-4681-97F8-69B4BBBC0536}.Release|Any CPU.Build.0 = Release|Any CPU
		{4D6603C1-F7D6-4681-97F8-69B4BBBC0536}.Release|iPhone.ActiveCfg = Release|Any CPU
		{4D6603C1-F7D6-4681-97F8-69B4BBBC0536}.Release|iPhone.Build.0 = Release|Any CPU
		{4D6603C1-F7D6-4681-97F8-69B4BBBC0536}.Release|iPhoneSimulator.ActiveCfg = Release|Any CPU
		{4D6603C1-F7D6-4681-97F8-69B4BBBC0536}.Release|iPhoneSimulator.Build.0 = Release|Any CPU
		{4F068C06-E551-4DD7-BFE6-00028846F2D0}.Ad-Hoc|Any CPU.ActiveCfg = Debug|Any CPU
		{4F068C06-E551-4DD7-BFE6-00028846F2D0}.Ad-Hoc|Any CPU.Build.0 = Debug|Any CPU
		{4F068C06-E551-4DD7-BFE6-00028846F2D0}.Ad-Hoc|Any CPU.Deploy.0 = Debug|Any CPU
		{4F068C06-E551-4DD7-BFE6-00028846F2D0}.Ad-Hoc|iPhone.ActiveCfg = Debug|Any CPU
		{4F068C06-E551-4DD7-BFE6-00028846F2D0}.Ad-Hoc|iPhone.Build.0 = Debug|Any CPU
		{4F068C06-E551-4DD7-BFE6-00028846F2D0}.Ad-Hoc|iPhone.Deploy.0 = Debug|Any CPU
		{4F068C06-E551-4DD7-BFE6-00028846F2D0}.Ad-Hoc|iPhoneSimulator.ActiveCfg = Debug|Any CPU
		{4F068C06-E551-4DD7-BFE6-00028846F2D0}.Ad-Hoc|iPhoneSimulator.Build.0 = Debug|Any CPU
		{4F068C06-E551-4DD7-BFE6-00028846F2D0}.Ad-Hoc|iPhoneSimulator.Deploy.0 = Debug|Any CPU
		{4F068C06-E551-4DD7-BFE6-00028846F2D0}.AppStore|Any CPU.ActiveCfg = Debug|Any CPU
		{4F068C06-E551-4DD7-BFE6-00028846F2D0}.AppStore|Any CPU.Build.0 = Debug|Any CPU
		{4F068C06-E551-4DD7-BFE6-00028846F2D0}.AppStore|Any CPU.Deploy.0 = Debug|Any CPU
		{4F068C06-E551-4DD7-BFE6-00028846F2D0}.AppStore|iPhone.ActiveCfg = Debug|Any CPU
		{4F068C06-E551-4DD7-BFE6-00028846F2D0}.AppStore|iPhone.Build.0 = Debug|Any CPU
		{4F068C06-E551-4DD7-BFE6-00028846F2D0}.AppStore|iPhone.Deploy.0 = Debug|Any CPU
		{4F068C06-E551-4DD7-BFE6-00028846F2D0}.AppStore|iPhoneSimulator.ActiveCfg = Debug|Any CPU
		{4F068C06-E551-4DD7-BFE6-00028846F2D0}.AppStore|iPhoneSimulator.Build.0 = Debug|Any CPU
		{4F068C06-E551-4DD7-BFE6-00028846F2D0}.AppStore|iPhoneSimulator.Deploy.0 = Debug|Any CPU
		{4F068C06-E551-4DD7-BFE6-00028846F2D0}.Debug|Any CPU.ActiveCfg = Debug|Any CPU
		{4F068C06-E551-4DD7-BFE6-00028846F2D0}.Debug|Any CPU.Build.0 = Debug|Any CPU
		{4F068C06-E551-4DD7-BFE6-00028846F2D0}.Debug|Any CPU.Deploy.0 = Debug|Any CPU
		{4F068C06-E551-4DD7-BFE6-00028846F2D0}.Debug|iPhone.ActiveCfg = Debug|Any CPU
		{4F068C06-E551-4DD7-BFE6-00028846F2D0}.Debug|iPhone.Build.0 = Debug|Any CPU
		{4F068C06-E551-4DD7-BFE6-00028846F2D0}.Debug|iPhone.Deploy.0 = Debug|Any CPU
		{4F068C06-E551-4DD7-BFE6-00028846F2D0}.Debug|iPhoneSimulator.ActiveCfg = Debug|Any CPU
		{4F068C06-E551-4DD7-BFE6-00028846F2D0}.Debug|iPhoneSimulator.Build.0 = Debug|Any CPU
		{4F068C06-E551-4DD7-BFE6-00028846F2D0}.Debug|iPhoneSimulator.Deploy.0 = Debug|Any CPU
		{4F068C06-E551-4DD7-BFE6-00028846F2D0}.Release|Any CPU.ActiveCfg = Release|Any CPU
		{4F068C06-E551-4DD7-BFE6-00028846F2D0}.Release|Any CPU.Build.0 = Release|Any CPU
		{4F068C06-E551-4DD7-BFE6-00028846F2D0}.Release|Any CPU.Deploy.0 = Release|Any CPU
		{4F068C06-E551-4DD7-BFE6-00028846F2D0}.Release|iPhone.ActiveCfg = Release|Any CPU
		{4F068C06-E551-4DD7-BFE6-00028846F2D0}.Release|iPhone.Build.0 = Release|Any CPU
		{4F068C06-E551-4DD7-BFE6-00028846F2D0}.Release|iPhone.Deploy.0 = Release|Any CPU
		{4F068C06-E551-4DD7-BFE6-00028846F2D0}.Release|iPhoneSimulator.ActiveCfg = Release|Any CPU
		{4F068C06-E551-4DD7-BFE6-00028846F2D0}.Release|iPhoneSimulator.Build.0 = Release|Any CPU
		{4F068C06-E551-4DD7-BFE6-00028846F2D0}.Release|iPhoneSimulator.Deploy.0 = Release|Any CPU
		{AC99E6A5-A7AD-46D6-A75F-9B25D5272DBC}.Ad-Hoc|Any CPU.ActiveCfg = Debug|iPhoneSimulator
		{AC99E6A5-A7AD-46D6-A75F-9B25D5272DBC}.Ad-Hoc|Any CPU.Build.0 = Debug|iPhoneSimulator
		{AC99E6A5-A7AD-46D6-A75F-9B25D5272DBC}.Ad-Hoc|iPhone.ActiveCfg = Debug|iPhone
		{AC99E6A5-A7AD-46D6-A75F-9B25D5272DBC}.Ad-Hoc|iPhone.Build.0 = Debug|iPhone
		{AC99E6A5-A7AD-46D6-A75F-9B25D5272DBC}.Ad-Hoc|iPhoneSimulator.ActiveCfg = Debug|iPhoneSimulator
		{AC99E6A5-A7AD-46D6-A75F-9B25D5272DBC}.Ad-Hoc|iPhoneSimulator.Build.0 = Debug|iPhoneSimulator
		{AC99E6A5-A7AD-46D6-A75F-9B25D5272DBC}.AppStore|Any CPU.ActiveCfg = Debug|iPhoneSimulator
		{AC99E6A5-A7AD-46D6-A75F-9B25D5272DBC}.AppStore|Any CPU.Build.0 = Debug|iPhoneSimulator
		{AC99E6A5-A7AD-46D6-A75F-9B25D5272DBC}.AppStore|iPhone.ActiveCfg = Debug|iPhone
		{AC99E6A5-A7AD-46D6-A75F-9B25D5272DBC}.AppStore|iPhone.Build.0 = Debug|iPhone
		{AC99E6A5-A7AD-46D6-A75F-9B25D5272DBC}.AppStore|iPhoneSimulator.ActiveCfg = Debug|iPhoneSimulator
		{AC99E6A5-A7AD-46D6-A75F-9B25D5272DBC}.AppStore|iPhoneSimulator.Build.0 = Debug|iPhoneSimulator
		{AC99E6A5-A7AD-46D6-A75F-9B25D5272DBC}.Debug|Any CPU.ActiveCfg = Debug|iPhoneSimulator
		{AC99E6A5-A7AD-46D6-A75F-9B25D5272DBC}.Debug|Any CPU.Build.0 = Debug|iPhoneSimulator
		{AC99E6A5-A7AD-46D6-A75F-9B25D5272DBC}.Debug|iPhone.ActiveCfg = Debug|iPhone
		{AC99E6A5-A7AD-46D6-A75F-9B25D5272DBC}.Debug|iPhone.Build.0 = Debug|iPhone
		{AC99E6A5-A7AD-46D6-A75F-9B25D5272DBC}.Debug|iPhoneSimulator.ActiveCfg = Debug|iPhoneSimulator
		{AC99E6A5-A7AD-46D6-A75F-9B25D5272DBC}.Debug|iPhoneSimulator.Build.0 = Debug|iPhoneSimulator
		{AC99E6A5-A7AD-46D6-A75F-9B25D5272DBC}.Release|Any CPU.ActiveCfg = Release|iPhoneSimulator
		{AC99E6A5-A7AD-46D6-A75F-9B25D5272DBC}.Release|Any CPU.Build.0 = Release|iPhoneSimulator
		{AC99E6A5-A7AD-46D6-A75F-9B25D5272DBC}.Release|iPhone.ActiveCfg = Release|iPhone
		{AC99E6A5-A7AD-46D6-A75F-9B25D5272DBC}.Release|iPhone.Build.0 = Release|iPhone
		{AC99E6A5-A7AD-46D6-A75F-9B25D5272DBC}.Release|iPhoneSimulator.ActiveCfg = Release|iPhoneSimulator
		{AC99E6A5-A7AD-46D6-A75F-9B25D5272DBC}.Release|iPhoneSimulator.Build.0 = Release|iPhoneSimulator
		{572932C8-FC7F-472C-B466-0CC07F29FE7A}.Ad-Hoc|Any CPU.ActiveCfg = Debug|Any CPU
		{572932C8-FC7F-472C-B466-0CC07F29FE7A}.Ad-Hoc|Any CPU.Build.0 = Debug|Any CPU
		{572932C8-FC7F-472C-B466-0CC07F29FE7A}.Ad-Hoc|iPhone.ActiveCfg = Debug|Any CPU
		{572932C8-FC7F-472C-B466-0CC07F29FE7A}.Ad-Hoc|iPhone.Build.0 = Debug|Any CPU
		{572932C8-FC7F-472C-B466-0CC07F29FE7A}.Ad-Hoc|iPhoneSimulator.ActiveCfg = Debug|Any CPU
		{572932C8-FC7F-472C-B466-0CC07F29FE7A}.Ad-Hoc|iPhoneSimulator.Build.0 = Debug|Any CPU
		{572932C8-FC7F-472C-B466-0CC07F29FE7A}.AppStore|Any CPU.ActiveCfg = Debug|Any CPU
		{572932C8-FC7F-472C-B466-0CC07F29FE7A}.AppStore|Any CPU.Build.0 = Debug|Any CPU
		{572932C8-FC7F-472C-B466-0CC07F29FE7A}.AppStore|iPhone.ActiveCfg = Debug|Any CPU
		{572932C8-FC7F-472C-B466-0CC07F29FE7A}.AppStore|iPhone.Build.0 = Debug|Any CPU
		{572932C8-FC7F-472C-B466-0CC07F29FE7A}.AppStore|iPhoneSimulator.ActiveCfg = Debug|Any CPU
		{572932C8-FC7F-472C-B466-0CC07F29FE7A}.AppStore|iPhoneSimulator.Build.0 = Debug|Any CPU
		{572932C8-FC7F-472C-B466-0CC07F29FE7A}.Debug|Any CPU.ActiveCfg = Debug|Any CPU
		{572932C8-FC7F-472C-B466-0CC07F29FE7A}.Debug|Any CPU.Build.0 = Debug|Any CPU
		{572932C8-FC7F-472C-B466-0CC07F29FE7A}.Debug|iPhone.ActiveCfg = Debug|Any CPU
		{572932C8-FC7F-472C-B466-0CC07F29FE7A}.Debug|iPhone.Build.0 = Debug|Any CPU
		{572932C8-FC7F-472C-B466-0CC07F29FE7A}.Debug|iPhoneSimulator.ActiveCfg = Debug|Any CPU
		{572932C8-FC7F-472C-B466-0CC07F29FE7A}.Debug|iPhoneSimulator.Build.0 = Debug|Any CPU
		{572932C8-FC7F-472C-B466-0CC07F29FE7A}.Release|Any CPU.ActiveCfg = Release|Any CPU
		{572932C8-FC7F-472C-B466-0CC07F29FE7A}.Release|Any CPU.Build.0 = Release|Any CPU
		{572932C8-FC7F-472C-B466-0CC07F29FE7A}.Release|iPhone.ActiveCfg = Release|Any CPU
		{572932C8-FC7F-472C-B466-0CC07F29FE7A}.Release|iPhone.Build.0 = Release|Any CPU
		{572932C8-FC7F-472C-B466-0CC07F29FE7A}.Release|iPhoneSimulator.ActiveCfg = Release|Any CPU
		{572932C8-FC7F-472C-B466-0CC07F29FE7A}.Release|iPhoneSimulator.Build.0 = Release|Any CPU
		{CE474F44-B837-46A1-9154-0483D417D0F4}.Ad-Hoc|Any CPU.ActiveCfg = Debug|Any CPU
		{CE474F44-B837-46A1-9154-0483D417D0F4}.Ad-Hoc|Any CPU.Build.0 = Debug|Any CPU
		{CE474F44-B837-46A1-9154-0483D417D0F4}.Ad-Hoc|iPhone.ActiveCfg = Debug|Any CPU
		{CE474F44-B837-46A1-9154-0483D417D0F4}.Ad-Hoc|iPhone.Build.0 = Debug|Any CPU
		{CE474F44-B837-46A1-9154-0483D417D0F4}.Ad-Hoc|iPhoneSimulator.ActiveCfg = Debug|Any CPU
		{CE474F44-B837-46A1-9154-0483D417D0F4}.Ad-Hoc|iPhoneSimulator.Build.0 = Debug|Any CPU
		{CE474F44-B837-46A1-9154-0483D417D0F4}.AppStore|Any CPU.ActiveCfg = Debug|Any CPU
		{CE474F44-B837-46A1-9154-0483D417D0F4}.AppStore|Any CPU.Build.0 = Debug|Any CPU
		{CE474F44-B837-46A1-9154-0483D417D0F4}.AppStore|iPhone.ActiveCfg = Debug|Any CPU
		{CE474F44-B837-46A1-9154-0483D417D0F4}.AppStore|iPhone.Build.0 = Debug|Any CPU
		{CE474F44-B837-46A1-9154-0483D417D0F4}.AppStore|iPhoneSimulator.ActiveCfg = Debug|Any CPU
		{CE474F44-B837-46A1-9154-0483D417D0F4}.AppStore|iPhoneSimulator.Build.0 = Debug|Any CPU
		{CE474F44-B837-46A1-9154-0483D417D0F4}.Debug|Any CPU.ActiveCfg = Debug|Any CPU
		{CE474F44-B837-46A1-9154-0483D417D0F4}.Debug|Any CPU.Build.0 = Debug|Any CPU
		{CE474F44-B837-46A1-9154-0483D417D0F4}.Debug|iPhone.ActiveCfg = Debug|Any CPU
		{CE474F44-B837-46A1-9154-0483D417D0F4}.Debug|iPhone.Build.0 = Debug|Any CPU
		{CE474F44-B837-46A1-9154-0483D417D0F4}.Debug|iPhoneSimulator.ActiveCfg = Debug|Any CPU
		{CE474F44-B837-46A1-9154-0483D417D0F4}.Debug|iPhoneSimulator.Build.0 = Debug|Any CPU
		{CE474F44-B837-46A1-9154-0483D417D0F4}.Release|Any CPU.ActiveCfg = Release|Any CPU
		{CE474F44-B837-46A1-9154-0483D417D0F4}.Release|Any CPU.Build.0 = Release|Any CPU
		{CE474F44-B837-46A1-9154-0483D417D0F4}.Release|iPhone.ActiveCfg = Release|Any CPU
		{CE474F44-B837-46A1-9154-0483D417D0F4}.Release|iPhone.Build.0 = Release|Any CPU
		{CE474F44-B837-46A1-9154-0483D417D0F4}.Release|iPhoneSimulator.ActiveCfg = Release|Any CPU
		{CE474F44-B837-46A1-9154-0483D417D0F4}.Release|iPhoneSimulator.Build.0 = Release|Any CPU
	EndGlobalSection
	GlobalSection(SolutionProperties) = preSolution
		HideSolutionNode = FALSE
	EndGlobalSection
	GlobalSection(NestedProjects) = preSolution
		{6143A90B-6C2A-4683-8A3A-4D48702770EA} = {AFAA0841-BD93-466F-B8F4-FB4EEC86F1FC}
		{4D6603C1-F7D6-4681-97F8-69B4BBBC0536} = {AFAA0841-BD93-466F-B8F4-FB4EEC86F1FC}
		{4F068C06-E551-4DD7-BFE6-00028846F2D0} = {AFAA0841-BD93-466F-B8F4-FB4EEC86F1FC}
		{AC99E6A5-A7AD-46D6-A75F-9B25D5272DBC} = {AFAA0841-BD93-466F-B8F4-FB4EEC86F1FC}
		{572932C8-FC7F-472C-B466-0CC07F29FE7A} = {AFAA0841-BD93-466F-B8F4-FB4EEC86F1FC}
		{CE474F44-B837-46A1-9154-0483D417D0F4} = {AFAA0841-BD93-466F-B8F4-FB4EEC86F1FC}
	EndGlobalSection
	GlobalSection(ExtensibilityGlobals) = postSolution
		SolutionGuid = {23CD4D4B-B131-473D-9ECB-5DD96E739671}
	EndGlobalSection
EndGlobal
