
Microsoft Visual Studio Solution File, Format Version 12.00
# Visual Studio Version 17
VisualStudioVersion = 17.2.32210.308
MinimumVisualStudioVersion = 10.0.40219.1
Project("{2150E333-8FDC-42A3-9474-1A3956D46DE8}") = "src", "src", "{AFAA0841-BD93-466F-B8F4-FB4EEC86F1FC}"
EndProject
Project("{2150E333-8FDC-42A3-9474-1A3956D46DE8}") = "Solution Items", "Solution Items", "{D04D9608-9CEB-4E0A-B548-410F7475E9F1}"
	ProjectSection(SolutionItems) = preProject
		common.props = common.props
	EndProjectSection
EndProject
Project("{9A19103F-16F7-4668-BE54-9A1E7A4F7556}") = "AppFramework.Core.Shared", "src\AppFramework.Core.Shared\AppFramework.Core.Shared.csproj", "{4D6603C1-F7D6-4681-97F8-69B4BBBC0536}"
EndProject
Project("{9A19103F-16F7-4668-BE54-9A1E7A4F7556}") = "AppFramework.Application.Client", "src\AppFramework.Application.Client\AppFramework.Application.Client.csproj", "{572932C8-FC7F-472C-B466-0CC07F29FE7A}"
EndProject
Project("{9A19103F-16F7-4668-BE54-9A1E7A4F7556}") = "AppFramework.Application.Shared", "src\AppFramework.Application.Shared\AppFramework.Application.Shared.csproj", "{67C10D05-BFBA-476E-B8E2-86961E1C24B7}"
EndProject
Project("{9A19103F-16F7-4668-BE54-9A1E7A4F7556}") = "AppFramework.Admin", "src\AppFramework.Admin\AppFramework.Admin.csproj", "{573187B5-ECAE-4DCA-8AE0-0934A38147AE}"
EndProject
Project("{9A19103F-16F7-4668-BE54-9A1E7A4F7556}") = "AppFramework.Shared", "src\AppFramework.Shared\AppFramework.Shared.csproj", "{74D7C22B-A950-48FE-990D-278A4F313543}"
EndProject
Project("{9A19103F-16F7-4668-BE54-9A1E7A4F7556}") = "AppFramework.Admin.MaterialUI", "src\AppFramework.Admin.MaterialUI\AppFramework.Admin.MaterialUI.csproj", "{B087FD4F-A0B1-404F-8588-F26C5EACA487}"
EndProject
Project("{9A19103F-16F7-4668-BE54-9A1E7A4F7556}") = "AppFramework.Admin.SyncUI", "src\AppFramework.Admin.SyncUI\AppFramework.Admin.SyncUI.csproj", "{46743A17-D920-4C79-8C0D-4353FA7CAE8D}"
EndProject
Project("{9A19103F-16F7-4668-BE54-9A1E7A4F7556}") = "AppFramework.Admin.HandyUI", "src\AppFramework.Admin.HandyUI\AppFramework.Admin.HandyUI.csproj", "{AD9B572C-3225-4E78-87F9-C74BA35D8DD5}"
EndProject
Global
	GlobalSection(SolutionConfigurationPlatforms) = preSolution
		Debug|Any CPU = Debug|Any CPU
		Release|Any CPU = Release|Any CPU
	EndGlobalSection
	GlobalSection(ProjectConfigurationPlatforms) = postSolution
		{4D6603C1-F7D6-4681-97F8-69B4BBBC0536}.Debug|Any CPU.ActiveCfg = Debug|Any CPU
		{4D6603C1-F7D6-4681-97F8-69B4BBBC0536}.Debug|Any CPU.Build.0 = Debug|Any CPU
		{4D6603C1-F7D6-4681-97F8-69B4BBBC0536}.Release|Any CPU.ActiveCfg = Release|Any CPU
		{4D6603C1-F7D6-4681-97F8-69B4BBBC0536}.Release|Any CPU.Build.0 = Release|Any CPU
		{572932C8-FC7F-472C-B466-0CC07F29FE7A}.Debug|Any CPU.ActiveCfg = Debug|Any CPU
		{572932C8-FC7F-472C-B466-0CC07F29FE7A}.Debug|Any CPU.Build.0 = Debug|Any CPU
		{572932C8-FC7F-472C-B466-0CC07F29FE7A}.Release|Any CPU.ActiveCfg = Release|Any CPU
		{572932C8-FC7F-472C-B466-0CC07F29FE7A}.Release|Any CPU.Build.0 = Release|Any CPU
		{67C10D05-BFBA-476E-B8E2-86961E1C24B7}.Debug|Any CPU.ActiveCfg = Debug|Any CPU
		{67C10D05-BFBA-476E-B8E2-86961E1C24B7}.Debug|Any CPU.Build.0 = Debug|Any CPU
		{67C10D05-BFBA-476E-B8E2-86961E1C24B7}.Release|Any CPU.ActiveCfg = Release|Any CPU
		{67C10D05-BFBA-476E-B8E2-86961E1C24B7}.Release|Any CPU.Build.0 = Release|Any CPU
		{573187B5-ECAE-4DCA-8AE0-0934A38147AE}.Debug|Any CPU.ActiveCfg = Debug|Any CPU
		{573187B5-ECAE-4DCA-8AE0-0934A38147AE}.Debug|Any CPU.Build.0 = Debug|Any CPU
		{573187B5-ECAE-4DCA-8AE0-0934A38147AE}.Release|Any CPU.ActiveCfg = Release|Any CPU
		{573187B5-ECAE-4DCA-8AE0-0934A38147AE}.Release|Any CPU.Build.0 = Release|Any CPU
		{74D7C22B-A950-48FE-990D-278A4F313543}.Debug|Any CPU.ActiveCfg = Debug|Any CPU
		{74D7C22B-A950-48FE-990D-278A4F313543}.Debug|Any CPU.Build.0 = Debug|Any CPU
		{74D7C22B-A950-48FE-990D-278A4F313543}.Release|Any CPU.ActiveCfg = Release|Any CPU
		{74D7C22B-A950-48FE-990D-278A4F313543}.Release|Any CPU.Build.0 = Release|Any CPU
		{B087FD4F-A0B1-404F-8588-F26C5EACA487}.Debug|Any CPU.ActiveCfg = Debug|Any CPU
		{B087FD4F-A0B1-404F-8588-F26C5EACA487}.Debug|Any CPU.Build.0 = Debug|Any CPU
		{B087FD4F-A0B1-404F-8588-F26C5EACA487}.Release|Any CPU.ActiveCfg = Release|Any CPU
		{B087FD4F-A0B1-404F-8588-F26C5EACA487}.Release|Any CPU.Build.0 = Release|Any CPU
		{46743A17-D920-4C79-8C0D-4353FA7CAE8D}.Debug|Any CPU.ActiveCfg = Debug|Any CPU
		{46743A17-D920-4C79-8C0D-4353FA7CAE8D}.Debug|Any CPU.Build.0 = Debug|Any CPU
		{46743A17-D920-4C79-8C0D-4353FA7CAE8D}.Release|Any CPU.ActiveCfg = Release|Any CPU
		{46743A17-D920-4C79-8C0D-4353FA7CAE8D}.Release|Any CPU.Build.0 = Release|Any CPU
		{AD9B572C-3225-4E78-87F9-C74BA35D8DD5}.Debug|Any CPU.ActiveCfg = Debug|Any CPU
		{AD9B572C-3225-4E78-87F9-C74BA35D8DD5}.Debug|Any CPU.Build.0 = Debug|Any CPU
		{AD9B572C-3225-4E78-87F9-C74BA35D8DD5}.Release|Any CPU.ActiveCfg = Release|Any CPU
		{AD9B572C-3225-4E78-87F9-C74BA35D8DD5}.Release|Any CPU.Build.0 = Release|Any CPU
	EndGlobalSection
	GlobalSection(SolutionProperties) = preSolution
		HideSolutionNode = FALSE
	EndGlobalSection
	GlobalSection(NestedProjects) = preSolution
		{4D6603C1-F7D6-4681-97F8-69B4BBBC0536} = {AFAA0841-BD93-466F-B8F4-FB4EEC86F1FC}
		{572932C8-FC7F-472C-B466-0CC07F29FE7A} = {AFAA0841-BD93-466F-B8F4-FB4EEC86F1FC}
		{67C10D05-BFBA-476E-B8E2-86961E1C24B7} = {AFAA0841-BD93-466F-B8F4-FB4EEC86F1FC}
		{573187B5-ECAE-4DCA-8AE0-0934A38147AE} = {AFAA0841-BD93-466F-B8F4-FB4EEC86F1FC}
		{74D7C22B-A950-48FE-990D-278A4F313543} = {AFAA0841-BD93-466F-B8F4-FB4EEC86F1FC}
		{B087FD4F-A0B1-404F-8588-F26C5EACA487} = {AFAA0841-BD93-466F-B8F4-FB4EEC86F1FC}
		{46743A17-D920-4C79-8C0D-4353FA7CAE8D} = {AFAA0841-BD93-466F-B8F4-FB4EEC86F1FC}
		{AD9B572C-3225-4E78-87F9-C74BA35D8DD5} = {AFAA0841-BD93-466F-B8F4-FB4EEC86F1FC}
	EndGlobalSection
	GlobalSection(ExtensibilityGlobals) = postSolution
		SolutionGuid = {23CD4D4B-B131-473D-9ECB-5DD96E739671}
	EndGlobalSection
EndGlobal
