
Microsoft Visual Studio Solution File, Format Version 12.00
# Visual Studio Version 16
VisualStudioVersion = 16.0.29613.14
MinimumVisualStudioVersion = 10.0.40219.1
Project("{9A19103F-16F7-4668-BE54-9A1E7A4F7556}") = "Note.Api", "Note.Api\Note.Api.csproj", "{9B89305E-6D13-411E-B1AA-EF3232479411}"
EndProject
Project("{2150E333-8FDC-42A3-9474-1A3956D46DE8}") = "PC", "PC", "{A4C57C4E-A024-4082-AF5B-115FC75478F8}"
EndProject
Project("{2150E333-8FDC-42A3-9474-1A3956D46DE8}") = "Moblie", "Moblie", "{6537B83B-92FC-4DB8-9025-DC8E388D0444}"
EndProject
Project("{9A19103F-16F7-4668-BE54-9A1E7A4F7556}") = "Note.Core", "Note.Core\Note.Core.csproj", "{115149EB-1471-45E0-9E7B-CD95AE281092}"
EndProject
Project("{9A19103F-16F7-4668-BE54-9A1E7A4F7556}") = "Note.EFCore", "Note.EFCore\Note.EFCore.csproj", "{D88C4A96-6847-4196-917E-DF652F1DBFDA}"
EndProject
Project("{FAE04EC0-301F-11D3-BF4B-00C04F79EFBC}") = "NoteMoblie.Android", "NoteMoblie\NoteMoblie.Android\NoteMoblie.Android.csproj", "{4330E901-3D9F-4E50-ABC6-29DB7F4FFE81}"
EndProject
Project("{FAE04EC0-301F-11D3-BF4B-00C04F79EFBC}") = "NoteMoblie.iOS", "NoteMoblie\NoteMoblie.iOS\NoteMoblie.iOS.csproj", "{795E46E2-11D2-440F-862B-6DB6B6BC699C}"
EndProject
Project("{9A19103F-16F7-4668-BE54-9A1E7A4F7556}") = "NoteMoblie", "NoteMoblie\NoteMoblie\NoteMoblie.csproj", "{56447B01-CB9D-4D3E-AE90-17DA99083D00}"
EndProject
Project("{9A19103F-16F7-4668-BE54-9A1E7A4F7556}") = "NoteDeskTop", "NoteDeskTop\NoteDeskTop.csproj", "{0FEB845E-AB19-490E-BBE3-D0985B08711D}"
EndProject
Global
	GlobalSection(SolutionConfigurationPlatforms) = preSolution
		Debug|Any CPU = Debug|Any CPU
		Debug|iPhone = Debug|iPhone
		Debug|iPhoneSimulator = Debug|iPhoneSimulator
		Release|Any CPU = Release|Any CPU
		Release|iPhone = Release|iPhone
		Release|iPhoneSimulator = Release|iPhoneSimulator
	EndGlobalSection
	GlobalSection(ProjectConfigurationPlatforms) = postSolution
		{9B89305E-6D13-411E-B1AA-EF3232479411}.Debug|Any CPU.ActiveCfg = Debug|Any CPU
		{9B89305E-6D13-411E-B1AA-EF3232479411}.Debug|Any CPU.Build.0 = Debug|Any CPU
		{9B89305E-6D13-411E-B1AA-EF3232479411}.Debug|iPhone.ActiveCfg = Debug|Any CPU
		{9B89305E-6D13-411E-B1AA-EF3232479411}.Debug|iPhone.Build.0 = Debug|Any CPU
		{9B89305E-6D13-411E-B1AA-EF3232479411}.Debug|iPhoneSimulator.ActiveCfg = Debug|Any CPU
		{9B89305E-6D13-411E-B1AA-EF3232479411}.Debug|iPhoneSimulator.Build.0 = Debug|Any CPU
		{9B89305E-6D13-411E-B1AA-EF3232479411}.Release|Any CPU.ActiveCfg = Release|Any CPU
		{9B89305E-6D13-411E-B1AA-EF3232479411}.Release|Any CPU.Build.0 = Release|Any CPU
		{9B89305E-6D13-411E-B1AA-EF3232479411}.Release|iPhone.ActiveCfg = Release|Any CPU
		{9B89305E-6D13-411E-B1AA-EF3232479411}.Release|iPhone.Build.0 = Release|Any CPU
		{9B89305E-6D13-411E-B1AA-EF3232479411}.Release|iPhoneSimulator.ActiveCfg = Release|Any CPU
		{9B89305E-6D13-411E-B1AA-EF3232479411}.Release|iPhoneSimulator.Build.0 = Release|Any CPU
		{115149EB-1471-45E0-9E7B-CD95AE281092}.Debug|Any CPU.ActiveCfg = Debug|Any CPU
		{115149EB-1471-45E0-9E7B-CD95AE281092}.Debug|Any CPU.Build.0 = Debug|Any CPU
		{115149EB-1471-45E0-9E7B-CD95AE281092}.Debug|iPhone.ActiveCfg = Debug|Any CPU
		{115149EB-1471-45E0-9E7B-CD95AE281092}.Debug|iPhone.Build.0 = Debug|Any CPU
		{115149EB-1471-45E0-9E7B-CD95AE281092}.Debug|iPhoneSimulator.ActiveCfg = Debug|Any CPU
		{115149EB-1471-45E0-9E7B-CD95AE281092}.Debug|iPhoneSimulator.Build.0 = Debug|Any CPU
		{115149EB-1471-45E0-9E7B-CD95AE281092}.Release|Any CPU.ActiveCfg = Release|Any CPU
		{115149EB-1471-45E0-9E7B-CD95AE281092}.Release|Any CPU.Build.0 = Release|Any CPU
		{115149EB-1471-45E0-9E7B-CD95AE281092}.Release|iPhone.ActiveCfg = Release|Any CPU
		{115149EB-1471-45E0-9E7B-CD95AE281092}.Release|iPhone.Build.0 = Release|Any CPU
		{115149EB-1471-45E0-9E7B-CD95AE281092}.Release|iPhoneSimulator.ActiveCfg = Release|Any CPU
		{115149EB-1471-45E0-9E7B-CD95AE281092}.Release|iPhoneSimulator.Build.0 = Release|Any CPU
		{D88C4A96-6847-4196-917E-DF652F1DBFDA}.Debug|Any CPU.ActiveCfg = Debug|Any CPU
		{D88C4A96-6847-4196-917E-DF652F1DBFDA}.Debug|Any CPU.Build.0 = Debug|Any CPU
		{D88C4A96-6847-4196-917E-DF652F1DBFDA}.Debug|iPhone.ActiveCfg = Debug|Any CPU
		{D88C4A96-6847-4196-917E-DF652F1DBFDA}.Debug|iPhone.Build.0 = Debug|Any CPU
		{D88C4A96-6847-4196-917E-DF652F1DBFDA}.Debug|iPhoneSimulator.ActiveCfg = Debug|Any CPU
		{D88C4A96-6847-4196-917E-DF652F1DBFDA}.Debug|iPhoneSimulator.Build.0 = Debug|Any CPU
		{D88C4A96-6847-4196-917E-DF652F1DBFDA}.Release|Any CPU.ActiveCfg = Release|Any CPU
		{D88C4A96-6847-4196-917E-DF652F1DBFDA}.Release|Any CPU.Build.0 = Release|Any CPU
		{D88C4A96-6847-4196-917E-DF652F1DBFDA}.Release|iPhone.ActiveCfg = Release|Any CPU
		{D88C4A96-6847-4196-917E-DF652F1DBFDA}.Release|iPhone.Build.0 = Release|Any CPU
		{D88C4A96-6847-4196-917E-DF652F1DBFDA}.Release|iPhoneSimulator.ActiveCfg = Release|Any CPU
		{D88C4A96-6847-4196-917E-DF652F1DBFDA}.Release|iPhoneSimulator.Build.0 = Release|Any CPU
		{4330E901-3D9F-4E50-ABC6-29DB7F4FFE81}.Debug|Any CPU.ActiveCfg = Debug|Any CPU
		{4330E901-3D9F-4E50-ABC6-29DB7F4FFE81}.Debug|Any CPU.Build.0 = Debug|Any CPU
		{4330E901-3D9F-4E50-ABC6-29DB7F4FFE81}.Debug|Any CPU.Deploy.0 = Debug|Any CPU
		{4330E901-3D9F-4E50-ABC6-29DB7F4FFE81}.Debug|iPhone.ActiveCfg = Debug|Any CPU
		{4330E901-3D9F-4E50-ABC6-29DB7F4FFE81}.Debug|iPhone.Build.0 = Debug|Any CPU
		{4330E901-3D9F-4E50-ABC6-29DB7F4FFE81}.Debug|iPhone.Deploy.0 = Debug|Any CPU
		{4330E901-3D9F-4E50-ABC6-29DB7F4FFE81}.Debug|iPhoneSimulator.ActiveCfg = Debug|Any CPU
		{4330E901-3D9F-4E50-ABC6-29DB7F4FFE81}.Debug|iPhoneSimulator.Build.0 = Debug|Any CPU
		{4330E901-3D9F-4E50-ABC6-29DB7F4FFE81}.Debug|iPhoneSimulator.Deploy.0 = Debug|Any CPU
		{4330E901-3D9F-4E50-ABC6-29DB7F4FFE81}.Release|Any CPU.ActiveCfg = Release|Any CPU
		{4330E901-3D9F-4E50-ABC6-29DB7F4FFE81}.Release|Any CPU.Build.0 = Release|Any CPU
		{4330E901-3D9F-4E50-ABC6-29DB7F4FFE81}.Release|Any CPU.Deploy.0 = Release|Any CPU
		{4330E901-3D9F-4E50-ABC6-29DB7F4FFE81}.Release|iPhone.ActiveCfg = Release|Any CPU
		{4330E901-3D9F-4E50-ABC6-29DB7F4FFE81}.Release|iPhone.Build.0 = Release|Any CPU
		{4330E901-3D9F-4E50-ABC6-29DB7F4FFE81}.Release|iPhone.Deploy.0 = Release|Any CPU
		{4330E901-3D9F-4E50-ABC6-29DB7F4FFE81}.Release|iPhoneSimulator.ActiveCfg = Release|Any CPU
		{4330E901-3D9F-4E50-ABC6-29DB7F4FFE81}.Release|iPhoneSimulator.Build.0 = Release|Any CPU
		{4330E901-3D9F-4E50-ABC6-29DB7F4FFE81}.Release|iPhoneSimulator.Deploy.0 = Release|Any CPU
		{795E46E2-11D2-440F-862B-6DB6B6BC699C}.Debug|Any CPU.ActiveCfg = Debug|iPhone
		{795E46E2-11D2-440F-862B-6DB6B6BC699C}.Debug|iPhone.ActiveCfg = Debug|iPhone
		{795E46E2-11D2-440F-862B-6DB6B6BC699C}.Debug|iPhone.Build.0 = Debug|iPhone
		{795E46E2-11D2-440F-862B-6DB6B6BC699C}.Debug|iPhoneSimulator.ActiveCfg = Debug|iPhoneSimulator
		{795E46E2-11D2-440F-862B-6DB6B6BC699C}.Debug|iPhoneSimulator.Build.0 = Debug|iPhoneSimulator
		{795E46E2-11D2-440F-862B-6DB6B6BC699C}.Release|Any CPU.ActiveCfg = Release|iPhone
		{795E46E2-11D2-440F-862B-6DB6B6BC699C}.Release|iPhone.ActiveCfg = Release|iPhone
		{795E46E2-11D2-440F-862B-6DB6B6BC699C}.Release|iPhone.Build.0 = Release|iPhone
		{795E46E2-11D2-440F-862B-6DB6B6BC699C}.Release|iPhoneSimulator.ActiveCfg = Release|iPhoneSimulator
		{795E46E2-11D2-440F-862B-6DB6B6BC699C}.Release|iPhoneSimulator.Build.0 = Release|iPhoneSimulator
		{56447B01-CB9D-4D3E-AE90-17DA99083D00}.Debug|Any CPU.ActiveCfg = Debug|Any CPU
		{56447B01-CB9D-4D3E-AE90-17DA99083D00}.Debug|Any CPU.Build.0 = Debug|Any CPU
		{56447B01-CB9D-4D3E-AE90-17DA99083D00}.Debug|iPhone.ActiveCfg = Debug|Any CPU
		{56447B01-CB9D-4D3E-AE90-17DA99083D00}.Debug|iPhone.Build.0 = Debug|Any CPU
		{56447B01-CB9D-4D3E-AE90-17DA99083D00}.Debug|iPhoneSimulator.ActiveCfg = Debug|Any CPU
		{56447B01-CB9D-4D3E-AE90-17DA99083D00}.Debug|iPhoneSimulator.Build.0 = Debug|Any CPU
		{56447B01-CB9D-4D3E-AE90-17DA99083D00}.Release|Any CPU.ActiveCfg = Release|Any CPU
		{56447B01-CB9D-4D3E-AE90-17DA99083D00}.Release|Any CPU.Build.0 = Release|Any CPU
		{56447B01-CB9D-4D3E-AE90-17DA99083D00}.Release|iPhone.ActiveCfg = Release|Any CPU
		{56447B01-CB9D-4D3E-AE90-17DA99083D00}.Release|iPhone.Build.0 = Release|Any CPU
		{56447B01-CB9D-4D3E-AE90-17DA99083D00}.Release|iPhoneSimulator.ActiveCfg = Release|Any CPU
		{56447B01-CB9D-4D3E-AE90-17DA99083D00}.Release|iPhoneSimulator.Build.0 = Release|Any CPU
		{0FEB845E-AB19-490E-BBE3-D0985B08711D}.Debug|Any CPU.ActiveCfg = Debug|Any CPU
		{0FEB845E-AB19-490E-BBE3-D0985B08711D}.Debug|Any CPU.Build.0 = Debug|Any CPU
		{0FEB845E-AB19-490E-BBE3-D0985B08711D}.Debug|iPhone.ActiveCfg = Debug|Any CPU
		{0FEB845E-AB19-490E-BBE3-D0985B08711D}.Debug|iPhone.Build.0 = Debug|Any CPU
		{0FEB845E-AB19-490E-BBE3-D0985B08711D}.Debug|iPhoneSimulator.ActiveCfg = Debug|Any CPU
		{0FEB845E-AB19-490E-BBE3-D0985B08711D}.Debug|iPhoneSimulator.Build.0 = Debug|Any CPU
		{0FEB845E-AB19-490E-BBE3-D0985B08711D}.Release|Any CPU.ActiveCfg = Release|Any CPU
		{0FEB845E-AB19-490E-BBE3-D0985B08711D}.Release|Any CPU.Build.0 = Release|Any CPU
		{0FEB845E-AB19-490E-BBE3-D0985B08711D}.Release|iPhone.ActiveCfg = Release|Any CPU
		{0FEB845E-AB19-490E-BBE3-D0985B08711D}.Release|iPhone.Build.0 = Release|Any CPU
		{0FEB845E-AB19-490E-BBE3-D0985B08711D}.Release|iPhoneSimulator.ActiveCfg = Release|Any CPU
		{0FEB845E-AB19-490E-BBE3-D0985B08711D}.Release|iPhoneSimulator.Build.0 = Release|Any CPU
	EndGlobalSection
	GlobalSection(SolutionProperties) = preSolution
		HideSolutionNode = FALSE
	EndGlobalSection
	GlobalSection(NestedProjects) = preSolution
		{4330E901-3D9F-4E50-ABC6-29DB7F4FFE81} = {6537B83B-92FC-4DB8-9025-DC8E388D0444}
		{795E46E2-11D2-440F-862B-6DB6B6BC699C} = {6537B83B-92FC-4DB8-9025-DC8E388D0444}
		{56447B01-CB9D-4D3E-AE90-17DA99083D00} = {6537B83B-92FC-4DB8-9025-DC8E388D0444}
		{0FEB845E-AB19-490E-BBE3-D0985B08711D} = {A4C57C4E-A024-4082-AF5B-115FC75478F8}
	EndGlobalSection
	GlobalSection(ExtensibilityGlobals) = postSolution
		SolutionGuid = {3E17220A-FFCC-44D5-9C04-C1F0F795324C}
	EndGlobalSection
EndGlobal
