
Microsoft Visual Studio Solution File, Format Version 12.00
# Visual Studio Version 16
VisualStudioVersion = 16.0.30011.22
MinimumVisualStudioVersion = 10.0.40219.1
Project("{9A19103F-16F7-4668-BE54-9A1E7A4F7556}") = "Consumption.PC", "Consumption.PC\Consumption.PC.csproj", "{A94FECE2-0A82-44EE-8DE3-489DCD492BE3}"
EndProject
Project("{9A19103F-16F7-4668-BE54-9A1E7A4F7556}") = "Consumption.ViewModel", "Consumption.ViewModel\Consumption.ViewModel.csproj", "{34D2B732-EA19-42CE-9615-11467781C799}"
EndProject
Project("{9A19103F-16F7-4668-BE54-9A1E7A4F7556}") = "Consumption.Api", "Consumption.Api\Consumption.Api.csproj", "{16CFC8C9-8CBC-442A-9947-C863E0409243}"
EndProject
Project("{9A19103F-16F7-4668-BE54-9A1E7A4F7556}") = "Consumption.Service", "Consumption.Service\Consumption.Service.csproj", "{1395F23D-FF82-4CFE-A58E-804F189945A9}"
EndProject
Project("{9A19103F-16F7-4668-BE54-9A1E7A4F7556}") = "Consumption.EFCore", "Consumption.EFCore\Consumption.EFCore.csproj", "{7CA63EAB-DA52-4F63-8EF2-E605E9564EE3}"
EndProject
Project("{9A19103F-16F7-4668-BE54-9A1E7A4F7556}") = "Consumption.Shared", "Consumption.Shared\Consumption.Shared.csproj", "{203CF00E-7F99-468B-B4FD-02F8FBDE78C7}"
EndProject
Global
	GlobalSection(SolutionConfigurationPlatforms) = preSolution
		Ad-Hoc|Any CPU = Ad-Hoc|Any CPU
		Ad-Hoc|iPhone = Ad-Hoc|iPhone
		Ad-Hoc|iPhoneSimulator = Ad-Hoc|iPhoneSimulator
		AppStore|Any CPU = AppStore|Any CPU
		AppStore|iPhone = AppStore|iPhone
		AppStore|iPhoneSimulator = AppStore|iPhoneSimulator
		Debug|Any CPU = Debug|Any CPU
		Debug|iPhone = Debug|iPhone
		Debug|iPhoneSimulator = Debug|iPhoneSimulator
		Release|Any CPU = Release|Any CPU
		Release|iPhone = Release|iPhone
		Release|iPhoneSimulator = Release|iPhoneSimulator
	EndGlobalSection
	GlobalSection(ProjectConfigurationPlatforms) = postSolution
		{A94FECE2-0A82-44EE-8DE3-489DCD492BE3}.Ad-Hoc|Any CPU.ActiveCfg = Debug|Any CPU
		{A94FECE2-0A82-44EE-8DE3-489DCD492BE3}.Ad-Hoc|Any CPU.Build.0 = Debug|Any CPU
		{A94FECE2-0A82-44EE-8DE3-489DCD492BE3}.Ad-Hoc|iPhone.ActiveCfg = Debug|Any CPU
		{A94FECE2-0A82-44EE-8DE3-489DCD492BE3}.Ad-Hoc|iPhone.Build.0 = Debug|Any CPU
		{A94FECE2-0A82-44EE-8DE3-489DCD492BE3}.Ad-Hoc|iPhoneSimulator.ActiveCfg = Debug|Any CPU
		{A94FECE2-0A82-44EE-8DE3-489DCD492BE3}.Ad-Hoc|iPhoneSimulator.Build.0 = Debug|Any CPU
		{A94FECE2-0A82-44EE-8DE3-489DCD492BE3}.AppStore|Any CPU.ActiveCfg = Debug|Any CPU
		{A94FECE2-0A82-44EE-8DE3-489DCD492BE3}.AppStore|Any CPU.Build.0 = Debug|Any CPU
		{A94FECE2-0A82-44EE-8DE3-489DCD492BE3}.AppStore|iPhone.ActiveCfg = Debug|Any CPU
		{A94FECE2-0A82-44EE-8DE3-489DCD492BE3}.AppStore|iPhone.Build.0 = Debug|Any CPU
		{A94FECE2-0A82-44EE-8DE3-489DCD492BE3}.AppStore|iPhoneSimulator.ActiveCfg = Debug|Any CPU
		{A94FECE2-0A82-44EE-8DE3-489DCD492BE3}.AppStore|iPhoneSimulator.Build.0 = Debug|Any CPU
		{A94FECE2-0A82-44EE-8DE3-489DCD492BE3}.Debug|Any CPU.ActiveCfg = Debug|Any CPU
		{A94FECE2-0A82-44EE-8DE3-489DCD492BE3}.Debug|Any CPU.Build.0 = Debug|Any CPU
		{A94FECE2-0A82-44EE-8DE3-489DCD492BE3}.Debug|iPhone.ActiveCfg = Debug|Any CPU
		{A94FECE2-0A82-44EE-8DE3-489DCD492BE3}.Debug|iPhone.Build.0 = Debug|Any CPU
		{A94FECE2-0A82-44EE-8DE3-489DCD492BE3}.Debug|iPhoneSimulator.ActiveCfg = Debug|Any CPU
		{A94FECE2-0A82-44EE-8DE3-489DCD492BE3}.Debug|iPhoneSimulator.Build.0 = Debug|Any CPU
		{A94FECE2-0A82-44EE-8DE3-489DCD492BE3}.Release|Any CPU.ActiveCfg = Release|Any CPU
		{A94FECE2-0A82-44EE-8DE3-489DCD492BE3}.Release|Any CPU.Build.0 = Release|Any CPU
		{A94FECE2-0A82-44EE-8DE3-489DCD492BE3}.Release|iPhone.ActiveCfg = Release|Any CPU
		{A94FECE2-0A82-44EE-8DE3-489DCD492BE3}.Release|iPhone.Build.0 = Release|Any CPU
		{A94FECE2-0A82-44EE-8DE3-489DCD492BE3}.Release|iPhoneSimulator.ActiveCfg = Release|Any CPU
		{A94FECE2-0A82-44EE-8DE3-489DCD492BE3}.Release|iPhoneSimulator.Build.0 = Release|Any CPU
		{34D2B732-EA19-42CE-9615-11467781C799}.Ad-Hoc|Any CPU.ActiveCfg = Debug|Any CPU
		{34D2B732-EA19-42CE-9615-11467781C799}.Ad-Hoc|Any CPU.Build.0 = Debug|Any CPU
		{34D2B732-EA19-42CE-9615-11467781C799}.Ad-Hoc|iPhone.ActiveCfg = Debug|Any CPU
		{34D2B732-EA19-42CE-9615-11467781C799}.Ad-Hoc|iPhone.Build.0 = Debug|Any CPU
		{34D2B732-EA19-42CE-9615-11467781C799}.Ad-Hoc|iPhoneSimulator.ActiveCfg = Debug|Any CPU
		{34D2B732-EA19-42CE-9615-11467781C799}.Ad-Hoc|iPhoneSimulator.Build.0 = Debug|Any CPU
		{34D2B732-EA19-42CE-9615-11467781C799}.AppStore|Any CPU.ActiveCfg = Debug|Any CPU
		{34D2B732-EA19-42CE-9615-11467781C799}.AppStore|Any CPU.Build.0 = Debug|Any CPU
		{34D2B732-EA19-42CE-9615-11467781C799}.AppStore|iPhone.ActiveCfg = Debug|Any CPU
		{34D2B732-EA19-42CE-9615-11467781C799}.AppStore|iPhone.Build.0 = Debug|Any CPU
		{34D2B732-EA19-42CE-9615-11467781C799}.AppStore|iPhoneSimulator.ActiveCfg = Debug|Any CPU
		{34D2B732-EA19-42CE-9615-11467781C799}.AppStore|iPhoneSimulator.Build.0 = Debug|Any CPU
		{34D2B732-EA19-42CE-9615-11467781C799}.Debug|Any CPU.ActiveCfg = Debug|Any CPU
		{34D2B732-EA19-42CE-9615-11467781C799}.Debug|Any CPU.Build.0 = Debug|Any CPU
		{34D2B732-EA19-42CE-9615-11467781C799}.Debug|iPhone.ActiveCfg = Debug|Any CPU
		{34D2B732-EA19-42CE-9615-11467781C799}.Debug|iPhone.Build.0 = Debug|Any CPU
		{34D2B732-EA19-42CE-9615-11467781C799}.Debug|iPhoneSimulator.ActiveCfg = Debug|Any CPU
		{34D2B732-EA19-42CE-9615-11467781C799}.Debug|iPhoneSimulator.Build.0 = Debug|Any CPU
		{34D2B732-EA19-42CE-9615-11467781C799}.Release|Any CPU.ActiveCfg = Release|Any CPU
		{34D2B732-EA19-42CE-9615-11467781C799}.Release|Any CPU.Build.0 = Release|Any CPU
		{34D2B732-EA19-42CE-9615-11467781C799}.Release|iPhone.ActiveCfg = Release|Any CPU
		{34D2B732-EA19-42CE-9615-11467781C799}.Release|iPhone.Build.0 = Release|Any CPU
		{34D2B732-EA19-42CE-9615-11467781C799}.Release|iPhoneSimulator.ActiveCfg = Release|Any CPU
		{34D2B732-EA19-42CE-9615-11467781C799}.Release|iPhoneSimulator.Build.0 = Release|Any CPU
		{16CFC8C9-8CBC-442A-9947-C863E0409243}.Ad-Hoc|Any CPU.ActiveCfg = Debug|Any CPU
		{16CFC8C9-8CBC-442A-9947-C863E0409243}.Ad-Hoc|Any CPU.Build.0 = Debug|Any CPU
		{16CFC8C9-8CBC-442A-9947-C863E0409243}.Ad-Hoc|iPhone.ActiveCfg = Debug|Any CPU
		{16CFC8C9-8CBC-442A-9947-C863E0409243}.Ad-Hoc|iPhone.Build.0 = Debug|Any CPU
		{16CFC8C9-8CBC-442A-9947-C863E0409243}.Ad-Hoc|iPhoneSimulator.ActiveCfg = Debug|Any CPU
		{16CFC8C9-8CBC-442A-9947-C863E0409243}.Ad-Hoc|iPhoneSimulator.Build.0 = Debug|Any CPU
		{16CFC8C9-8CBC-442A-9947-C863E0409243}.AppStore|Any CPU.ActiveCfg = Debug|Any CPU
		{16CFC8C9-8CBC-442A-9947-C863E0409243}.AppStore|Any CPU.Build.0 = Debug|Any CPU
		{16CFC8C9-8CBC-442A-9947-C863E0409243}.AppStore|iPhone.ActiveCfg = Debug|Any CPU
		{16CFC8C9-8CBC-442A-9947-C863E0409243}.AppStore|iPhone.Build.0 = Debug|Any CPU
		{16CFC8C9-8CBC-442A-9947-C863E0409243}.AppStore|iPhoneSimulator.ActiveCfg = Debug|Any CPU
		{16CFC8C9-8CBC-442A-9947-C863E0409243}.AppStore|iPhoneSimulator.Build.0 = Debug|Any CPU
		{16CFC8C9-8CBC-442A-9947-C863E0409243}.Debug|Any CPU.ActiveCfg = Debug|Any CPU
		{16CFC8C9-8CBC-442A-9947-C863E0409243}.Debug|Any CPU.Build.0 = Debug|Any CPU
		{16CFC8C9-8CBC-442A-9947-C863E0409243}.Debug|iPhone.ActiveCfg = Debug|Any CPU
		{16CFC8C9-8CBC-442A-9947-C863E0409243}.Debug|iPhone.Build.0 = Debug|Any CPU
		{16CFC8C9-8CBC-442A-9947-C863E0409243}.Debug|iPhoneSimulator.ActiveCfg = Debug|Any CPU
		{16CFC8C9-8CBC-442A-9947-C863E0409243}.Debug|iPhoneSimulator.Build.0 = Debug|Any CPU
		{16CFC8C9-8CBC-442A-9947-C863E0409243}.Release|Any CPU.ActiveCfg = Release|Any CPU
		{16CFC8C9-8CBC-442A-9947-C863E0409243}.Release|Any CPU.Build.0 = Release|Any CPU
		{16CFC8C9-8CBC-442A-9947-C863E0409243}.Release|iPhone.ActiveCfg = Release|Any CPU
		{16CFC8C9-8CBC-442A-9947-C863E0409243}.Release|iPhone.Build.0 = Release|Any CPU
		{16CFC8C9-8CBC-442A-9947-C863E0409243}.Release|iPhoneSimulator.ActiveCfg = Release|Any CPU
		{16CFC8C9-8CBC-442A-9947-C863E0409243}.Release|iPhoneSimulator.Build.0 = Release|Any CPU
		{1395F23D-FF82-4CFE-A58E-804F189945A9}.Ad-Hoc|Any CPU.ActiveCfg = Debug|Any CPU
		{1395F23D-FF82-4CFE-A58E-804F189945A9}.Ad-Hoc|Any CPU.Build.0 = Debug|Any CPU
		{1395F23D-FF82-4CFE-A58E-804F189945A9}.Ad-Hoc|iPhone.ActiveCfg = Debug|Any CPU
		{1395F23D-FF82-4CFE-A58E-804F189945A9}.Ad-Hoc|iPhone.Build.0 = Debug|Any CPU
		{1395F23D-FF82-4CFE-A58E-804F189945A9}.Ad-Hoc|iPhoneSimulator.ActiveCfg = Debug|Any CPU
		{1395F23D-FF82-4CFE-A58E-804F189945A9}.Ad-Hoc|iPhoneSimulator.Build.0 = Debug|Any CPU
		{1395F23D-FF82-4CFE-A58E-804F189945A9}.AppStore|Any CPU.ActiveCfg = Debug|Any CPU
		{1395F23D-FF82-4CFE-A58E-804F189945A9}.AppStore|Any CPU.Build.0 = Debug|Any CPU
		{1395F23D-FF82-4CFE-A58E-804F189945A9}.AppStore|iPhone.ActiveCfg = Debug|Any CPU
		{1395F23D-FF82-4CFE-A58E-804F189945A9}.AppStore|iPhone.Build.0 = Debug|Any CPU
		{1395F23D-FF82-4CFE-A58E-804F189945A9}.AppStore|iPhoneSimulator.ActiveCfg = Debug|Any CPU
		{1395F23D-FF82-4CFE-A58E-804F189945A9}.AppStore|iPhoneSimulator.Build.0 = Debug|Any CPU
		{1395F23D-FF82-4CFE-A58E-804F189945A9}.Debug|Any CPU.ActiveCfg = Debug|Any CPU
		{1395F23D-FF82-4CFE-A58E-804F189945A9}.Debug|Any CPU.Build.0 = Debug|Any CPU
		{1395F23D-FF82-4CFE-A58E-804F189945A9}.Debug|iPhone.ActiveCfg = Debug|Any CPU
		{1395F23D-FF82-4CFE-A58E-804F189945A9}.Debug|iPhone.Build.0 = Debug|Any CPU
		{1395F23D-FF82-4CFE-A58E-804F189945A9}.Debug|iPhoneSimulator.ActiveCfg = Debug|Any CPU
		{1395F23D-FF82-4CFE-A58E-804F189945A9}.Debug|iPhoneSimulator.Build.0 = Debug|Any CPU
		{1395F23D-FF82-4CFE-A58E-804F189945A9}.Release|Any CPU.ActiveCfg = Release|Any CPU
		{1395F23D-FF82-4CFE-A58E-804F189945A9}.Release|Any CPU.Build.0 = Release|Any CPU
		{1395F23D-FF82-4CFE-A58E-804F189945A9}.Release|iPhone.ActiveCfg = Release|Any CPU
		{1395F23D-FF82-4CFE-A58E-804F189945A9}.Release|iPhone.Build.0 = Release|Any CPU
		{1395F23D-FF82-4CFE-A58E-804F189945A9}.Release|iPhoneSimulator.ActiveCfg = Release|Any CPU
		{1395F23D-FF82-4CFE-A58E-804F189945A9}.Release|iPhoneSimulator.Build.0 = Release|Any CPU
		{7CA63EAB-DA52-4F63-8EF2-E605E9564EE3}.Ad-Hoc|Any CPU.ActiveCfg = Debug|Any CPU
		{7CA63EAB-DA52-4F63-8EF2-E605E9564EE3}.Ad-Hoc|Any CPU.Build.0 = Debug|Any CPU
		{7CA63EAB-DA52-4F63-8EF2-E605E9564EE3}.Ad-Hoc|iPhone.ActiveCfg = Debug|Any CPU
		{7CA63EAB-DA52-4F63-8EF2-E605E9564EE3}.Ad-Hoc|iPhone.Build.0 = Debug|Any CPU
		{7CA63EAB-DA52-4F63-8EF2-E605E9564EE3}.Ad-Hoc|iPhoneSimulator.ActiveCfg = Debug|Any CPU
		{7CA63EAB-DA52-4F63-8EF2-E605E9564EE3}.Ad-Hoc|iPhoneSimulator.Build.0 = Debug|Any CPU
		{7CA63EAB-DA52-4F63-8EF2-E605E9564EE3}.AppStore|Any CPU.ActiveCfg = Debug|Any CPU
		{7CA63EAB-DA52-4F63-8EF2-E605E9564EE3}.AppStore|Any CPU.Build.0 = Debug|Any CPU
		{7CA63EAB-DA52-4F63-8EF2-E605E9564EE3}.AppStore|iPhone.ActiveCfg = Debug|Any CPU
		{7CA63EAB-DA52-4F63-8EF2-E605E9564EE3}.AppStore|iPhone.Build.0 = Debug|Any CPU
		{7CA63EAB-DA52-4F63-8EF2-E605E9564EE3}.AppStore|iPhoneSimulator.ActiveCfg = Debug|Any CPU
		{7CA63EAB-DA52-4F63-8EF2-E605E9564EE3}.AppStore|iPhoneSimulator.Build.0 = Debug|Any CPU
		{7CA63EAB-DA52-4F63-8EF2-E605E9564EE3}.Debug|Any CPU.ActiveCfg = Debug|Any CPU
		{7CA63EAB-DA52-4F63-8EF2-E605E9564EE3}.Debug|Any CPU.Build.0 = Debug|Any CPU
		{7CA63EAB-DA52-4F63-8EF2-E605E9564EE3}.Debug|iPhone.ActiveCfg = Debug|Any CPU
		{7CA63EAB-DA52-4F63-8EF2-E605E9564EE3}.Debug|iPhone.Build.0 = Debug|Any CPU
		{7CA63EAB-DA52-4F63-8EF2-E605E9564EE3}.Debug|iPhoneSimulator.ActiveCfg = Debug|Any CPU
		{7CA63EAB-DA52-4F63-8EF2-E605E9564EE3}.Debug|iPhoneSimulator.Build.0 = Debug|Any CPU
		{7CA63EAB-DA52-4F63-8EF2-E605E9564EE3}.Release|Any CPU.ActiveCfg = Release|Any CPU
		{7CA63EAB-DA52-4F63-8EF2-E605E9564EE3}.Release|Any CPU.Build.0 = Release|Any CPU
		{7CA63EAB-DA52-4F63-8EF2-E605E9564EE3}.Release|iPhone.ActiveCfg = Release|Any CPU
		{7CA63EAB-DA52-4F63-8EF2-E605E9564EE3}.Release|iPhone.Build.0 = Release|Any CPU
		{7CA63EAB-DA52-4F63-8EF2-E605E9564EE3}.Release|iPhoneSimulator.ActiveCfg = Release|Any CPU
		{7CA63EAB-DA52-4F63-8EF2-E605E9564EE3}.Release|iPhoneSimulator.Build.0 = Release|Any CPU
		{203CF00E-7F99-468B-B4FD-02F8FBDE78C7}.Ad-Hoc|Any CPU.ActiveCfg = Release|Any CPU
		{203CF00E-7F99-468B-B4FD-02F8FBDE78C7}.Ad-Hoc|Any CPU.Build.0 = Release|Any CPU
		{203CF00E-7F99-468B-B4FD-02F8FBDE78C7}.Ad-Hoc|iPhone.ActiveCfg = Release|Any CPU
		{203CF00E-7F99-468B-B4FD-02F8FBDE78C7}.Ad-Hoc|iPhone.Build.0 = Release|Any CPU
		{203CF00E-7F99-468B-B4FD-02F8FBDE78C7}.Ad-Hoc|iPhoneSimulator.ActiveCfg = Release|Any CPU
		{203CF00E-7F99-468B-B4FD-02F8FBDE78C7}.Ad-Hoc|iPhoneSimulator.Build.0 = Release|Any CPU
		{203CF00E-7F99-468B-B4FD-02F8FBDE78C7}.AppStore|Any CPU.ActiveCfg = Release|Any CPU
		{203CF00E-7F99-468B-B4FD-02F8FBDE78C7}.AppStore|Any CPU.Build.0 = Release|Any CPU
		{203CF00E-7F99-468B-B4FD-02F8FBDE78C7}.AppStore|iPhone.ActiveCfg = Release|Any CPU
		{203CF00E-7F99-468B-B4FD-02F8FBDE78C7}.AppStore|iPhone.Build.0 = Release|Any CPU
		{203CF00E-7F99-468B-B4FD-02F8FBDE78C7}.AppStore|iPhoneSimulator.ActiveCfg = Release|Any CPU
		{203CF00E-7F99-468B-B4FD-02F8FBDE78C7}.AppStore|iPhoneSimulator.Build.0 = Release|Any CPU
		{203CF00E-7F99-468B-B4FD-02F8FBDE78C7}.Debug|Any CPU.ActiveCfg = Debug|Any CPU
		{203CF00E-7F99-468B-B4FD-02F8FBDE78C7}.Debug|Any CPU.Build.0 = Debug|Any CPU
		{203CF00E-7F99-468B-B4FD-02F8FBDE78C7}.Debug|iPhone.ActiveCfg = Debug|Any CPU
		{203CF00E-7F99-468B-B4FD-02F8FBDE78C7}.Debug|iPhone.Build.0 = Debug|Any CPU
		{203CF00E-7F99-468B-B4FD-02F8FBDE78C7}.Debug|iPhoneSimulator.ActiveCfg = Debug|Any CPU
		{203CF00E-7F99-468B-B4FD-02F8FBDE78C7}.Debug|iPhoneSimulator.Build.0 = Debug|Any CPU
		{203CF00E-7F99-468B-B4FD-02F8FBDE78C7}.Release|Any CPU.ActiveCfg = Release|Any CPU
		{203CF00E-7F99-468B-B4FD-02F8FBDE78C7}.Release|Any CPU.Build.0 = Release|Any CPU
		{203CF00E-7F99-468B-B4FD-02F8FBDE78C7}.Release|iPhone.ActiveCfg = Release|Any CPU
		{203CF00E-7F99-468B-B4FD-02F8FBDE78C7}.Release|iPhone.Build.0 = Release|Any CPU
		{203CF00E-7F99-468B-B4FD-02F8FBDE78C7}.Release|iPhoneSimulator.ActiveCfg = Release|Any CPU
		{203CF00E-7F99-468B-B4FD-02F8FBDE78C7}.Release|iPhoneSimulator.Build.0 = Release|Any CPU
	EndGlobalSection
	GlobalSection(SolutionProperties) = preSolution
		HideSolutionNode = FALSE
	EndGlobalSection
	GlobalSection(ExtensibilityGlobals) = postSolution
		SolutionGuid = {7B1263A6-6658-4242-AA55-2064AD87E9CF}
	EndGlobalSection
EndGlobal
